PODS:
  - BigInt (4.0.0)
  - Crashlytics (3.14.0):
    - Fabric (~> 1.10.2)
  - CropViewController (2.4.0)
  - CryptoSwift (1.0.0)
  - Fabric (1.10.2)
  - Firebase/Analytics (6.13.0):
    - Firebase/Core
  - Firebase/Core (6.13.0):
    - Firebase/CoreOnly
    - FirebaseAnalytics (= 6.1.6)
  - Firebase/CoreOnly (6.13.0):
    - FirebaseCore (= 6.4.0)
  - FirebaseAnalytics (6.1.6):
    - FirebaseCore (~> 6.4)
    - FirebaseInstanceID (~> 4.2)
    - GoogleAppMeasurement (= 6.1.6)
    - GoogleUtilities/AppDelegateSwizzler (~> 6.0)
    - GoogleUtilities/MethodSwizzler (~> 6.0)
    - GoogleUtilities/Network (~> 6.0)
    - "GoogleUtilities/NSData+zlib (~> 6.0)"
    - nanopb (= 0.3.9011)
  - FirebaseCore (6.4.0):
    - FirebaseCoreDiagnostics (~> 1.0)
    - FirebaseCoreDiagnosticsInterop (~> 1.0)
    - GoogleUtilities/Environment (~> 6.2)
    - GoogleUtilities/Logger (~> 6.2)
  - FirebaseCoreDiagnostics (1.1.2):
    - FirebaseCoreDiagnosticsInterop (~> 1.0)
    - GoogleDataTransportCCTSupport (~> 1.0)
    - GoogleUtilities/Environment (~> 6.2)
    - GoogleUtilities/Logger (~> 6.2)
    - nanopb (~> 0.3.901)
  - FirebaseCoreDiagnosticsInterop (1.1.0)
  - FirebaseInstanceID (4.2.7):
    - FirebaseCore (~> 6.0)
    - GoogleUtilities/Environment (~> 6.0)
    - GoogleUtilities/UserDefaults (~> 6.0)
  - GoogleAppMeasurement (6.1.6):
    - GoogleUtilities/AppDelegateSwizzler (~> 6.0)
    - GoogleUtilities/MethodSwizzler (~> 6.0)
    - GoogleUtilities/Network (~> 6.0)
    - "GoogleUtilities/NSData+zlib (~> 6.0)"
    - nanopb (= 0.3.9011)
  - GoogleDataTransport (3.2.0)
  - GoogleDataTransportCCTSupport (1.2.2):
    - GoogleDataTransport (~> 3.2)
    - nanopb (~> 0.3.901)
  - GoogleUtilities/AppDelegateSwizzler (6.3.2):
    - GoogleUtilities/Environment
    - GoogleUtilities/Logger
    - GoogleUtilities/Network
  - GoogleUtilities/Environment (6.3.2)
  - GoogleUtilities/Logger (6.3.2):
    - GoogleUtilities/Environment
  - GoogleUtilities/MethodSwizzler (6.3.2):
    - GoogleUtilities/Logger
  - GoogleUtilities/Network (6.3.2):
    - GoogleUtilities/Logger
    - "GoogleUtilities/NSData+zlib"
    - GoogleUtilities/Reachability
  - "GoogleUtilities/NSData+zlib (6.3.2)"
  - GoogleUtilities/Reachability (6.3.2):
    - GoogleUtilities/Logger
  - GoogleUtilities/UserDefaults (6.3.2):
    - GoogleUtilities/Logger
  - GRDB.swift (4.5.0):
    - GRDB.swift/standard (= 4.5.0)
  - GRDB.swift/standard (4.5.0)
  - nanopb (0.3.9011):
    - nanopb/decode (= 0.3.9011)
    - nanopb/encode (= 0.3.9011)
  - nanopb/decode (0.3.9011)
  - nanopb/encode (0.3.9011)
  - Nuke (7.6.3)
  - PhoneNumberKit (2.6.0):
    - PhoneNumberKit/PhoneNumberKitCore (= 2.6.0)
    - PhoneNumberKit/UIKit (= 2.6.0)
  - PhoneNumberKit/PhoneNumberKitCore (2.6.0)
  - PhoneNumberKit/UIKit (2.6.0):
    - PhoneNumberKit/PhoneNumberKitCore
  - PromiseKit (6.8.5):
    - PromiseKit/CorePromise (= 6.8.5)
    - PromiseKit/Foundation (= 6.8.5)
    - PromiseKit/UIKit (= 6.8.5)
  - PromiseKit/CorePromise (6.8.5)
  - PromiseKit/Foundation (6.8.5):
    - PromiseKit/CorePromise
  - PromiseKit/UIKit (6.8.5):
    - PromiseKit/CorePromise
  - QRCodeReader.swift (10.0.0)
  - secp256k1.c (0.1.2)
  - Starscream (3.1.1)
  - web3swift (2.2.1):
    - BigInt (~> 4.0)
    - CryptoSwift (~> 1.0.0)
    - PromiseKit (~> 6.8.4)
    - secp256k1.c (~> 0.1)
    - Starscream (~> 3.1.0)

DEPENDENCIES:
  - Crashlytics (~> 3.14.0)
  - CropViewController (~> 2.4.0)
  - Fabric (~> 1.10.2)
  - Firebase/Analytics
  - GRDB.swift (~> 4.5.0)
  - Nuke (~> 7.6)
  - PhoneNumberKit (~> 2.6.0)
  - QRCodeReader.swift (~> 10.0.0)
  - web3swift (from `https://github.com/matter-labs/web3swift.git`)

SPEC REPOS:
  trunk:
    - BigInt
    - Crashlytics
    - CropViewController
    - CryptoSwift
    - Fabric
    - Firebase
    - FirebaseAnalytics
    - FirebaseCore
    - FirebaseCoreDiagnostics
    - FirebaseCoreDiagnosticsInterop
    - FirebaseInstanceID
    - GoogleAppMeasurement
    - GoogleDataTransport
    - GoogleDataTransportCCTSupport
    - GoogleUtilities
    - GRDB.swift
    - nanopb
    - Nuke
    - PhoneNumberKit
    - PromiseKit
    - QRCodeReader.swift
    - secp256k1.c
    - Starscream

EXTERNAL SOURCES:
  web3swift:
    :git: https://github.com/matter-labs/web3swift.git

CHECKOUT OPTIONS:
  web3swift:
    :commit: 3ee6e3f54038bfab887a5e9dff818cdd2323badf
    :git: https://github.com/matter-labs/web3swift.git

SPEC CHECKSUMS:
  BigInt: 2aad1a9942dc932ec8b84290d2c564a3d76f97ab
  Crashlytics: 540b7e5f5da5a042647227a5e3ac51d85eed06df
  CropViewController: a090820b15fc3da68e694d7c192a4708c576828b
  CryptoSwift: d81eeaa59dc5a8d03720fe919a6fd07b51f7439f
  Fabric: 706c8b8098fff96c33c0db69cbf81f9c551d0d74
  Firebase: 458d109512200d1aca2e1b9b6cf7d68a869a4a46
  FirebaseAnalytics: 45f36d9c429fc91d206283900ab75390cd05ee8a
  FirebaseCore: 307ea2508df730c5865334e41965bd9ea344b0e5
  FirebaseCoreDiagnostics: 511f4f3ed7d440bb69127e8b97c2bc8befae639e
  FirebaseCoreDiagnosticsInterop: e9b1b023157e3a2fc6418b5cb601e79b9af7b3a0
  FirebaseInstanceID: ebd2ea79ee38db0cb5f5167b17a0d387e1cc7b6e
  GoogleAppMeasurement: dfe55efa543e899d906309eaaac6ca26d249862f
  GoogleDataTransport: 8e9b210c97d55fbff306cc5468ff91b9cb32dcf5
  GoogleDataTransportCCTSupport: ef79a4728b864946a8aafdbab770d5294faf3b5f
  GoogleUtilities: 547a86735c6f0ee30ad17e94df4fc21f616b71cb
  GRDB.swift: f9c4cabfb4d1266685e80b1f6ea433eb61c7950c
  nanopb: 18003b5e52dab79db540fe93fe9579f399bd1ccd
  Nuke: 44130e95e09463f8773ae4b96b90de1eba6b3350
  PhoneNumberKit: 167ee1f0bbb6efce7c62559e620eae745595532f
  PromiseKit: 9616b0afef31eae56ab9ce044c8ec2b8612a15cd
  QRCodeReader.swift: 74d0378eb0c7807828552b49626bbc8307495aee
  secp256k1.c: db47b726585d80f027423682eb369729e61b3b20
  Starscream: 4bb2f9942274833f7b4d296a55504dcfc7edb7b0
  web3swift: d79140b9d5fdd06a377072936b086bb7ae187157

PODFILE CHECKSUM: b48ce27aa3d13a345bc77bcb8dd3f4cab31075e0

COCOAPODS: 1.8.4
