// !$*UTF8*$!
{
	archiveVersion = 1;
	classes = {
	};
	objectVersion = 51;
	objects = {

/* Begin PBXBuildFile section */
		01144A43431581EB3D87D095 /* Pods_Kasakasa.framework in Frameworks */ = {isa = PBXBuildFile; fileRef = ED5FA10BA8F1816EDA46952B /* Pods_Kasakasa.framework */; };
		45129C5B21DFC59C00F585FA /* IntroPageViewController.swift in Sources */ = {isa = PBXBuildFile; fileRef = 45129C5A21DFC59C00F585FA /* IntroPageViewController.swift */; };
		4524159A21F1AF03005B53A2 /* AppDefaults.swift in Sources */ = {isa = PBXBuildFile; fileRef = 4524159921F1AF03005B53A2 /* AppDefaults.swift */; };
		4524159D21F1B257005B53A2 /* AuthorizationRepository.swift in Sources */ = {isa = PBXBuildFile; fileRef = 4524159C21F1B257005B53A2 /* AuthorizationRepository.swift */; };
		4524159F21F1B893005B53A2 /* UserRepository.swift in Sources */ = {isa = PBXBuildFile; fileRef = 4524159E21F1B893005B53A2 /* UserRepository.swift */; };
		452AD7F121EFAB13007F11E2 /* TextUtils.swift in Sources */ = {isa = PBXBuildFile; fileRef = 452AD7F021EFAB13007F11E2 /* TextUtils.swift */; };
		452AD7F421EFB839007F11E2 /* VerifyPhoneNumberViewController.swift in Sources */ = {isa = PBXBuildFile; fileRef = 452AD7F321EFB839007F11E2 /* VerifyPhoneNumberViewController.swift */; };
		452AD7F621EFBBAB007F11E2 /* Icons.xcassets in Resources */ = {isa = PBXBuildFile; fileRef = 452AD7F521EFBBAB007F11E2 /* Icons.xcassets */; };
		455F396022022EEF00516286 /* ExistingAccountPresenter.swift in Sources */ = {isa = PBXBuildFile; fileRef = 455F395F22022EEF00516286 /* ExistingAccountPresenter.swift */; };
		455F39622202348200516286 /* UIImageExtension.swift in Sources */ = {isa = PBXBuildFile; fileRef = 455F39612202348200516286 /* UIImageExtension.swift */; };
		455F396422023C4000516286 /* RestoreWalletPresenter.swift in Sources */ = {isa = PBXBuildFile; fileRef = 455F396322023C4000516286 /* RestoreWalletPresenter.swift */; };
		455F396622023D2600516286 /* RestoreWallet.swift in Sources */ = {isa = PBXBuildFile; fileRef = 455F396522023D2600516286 /* RestoreWallet.swift */; };
		455F396822042D5E00516286 /* AppDatabase.swift in Sources */ = {isa = PBXBuildFile; fileRef = 455F396722042D5E00516286 /* AppDatabase.swift */; };
		456012C52214DB5E003B04E2 /* UserSearchTableViewCell.swift in Sources */ = {isa = PBXBuildFile; fileRef = 456012C42214DB5E003B04E2 /* UserSearchTableViewCell.swift */; };
		456012C722152689003B04E2 /* Contacts.swift in Sources */ = {isa = PBXBuildFile; fileRef = 456012C622152689003B04E2 /* Contacts.swift */; };
		456012C922152703003B04E2 /* ContactsPresenter.swift in Sources */ = {isa = PBXBuildFile; fileRef = 456012C822152703003B04E2 /* ContactsPresenter.swift */; };
		456012CB22152FE9003B04E2 /* ContactTableViewCell.swift in Sources */ = {isa = PBXBuildFile; fileRef = 456012CA22152FE9003B04E2 /* ContactTableViewCell.swift */; };
		456D855E21F2A518005150F3 /* Web3Bridge.swift in Sources */ = {isa = PBXBuildFile; fileRef = 456D855D21F2A518005150F3 /* Web3Bridge.swift */; };
		456D856021F2A899005150F3 /* RecoveryPhrasePresenter.swift in Sources */ = {isa = PBXBuildFile; fileRef = 456D855F21F2A899005150F3 /* RecoveryPhrasePresenter.swift */; };
		456D856221F2B511005150F3 /* RecoveryPhrase.swift in Sources */ = {isa = PBXBuildFile; fileRef = 456D856121F2B511005150F3 /* RecoveryPhrase.swift */; };
		456D856421F2C6DB005150F3 /* VerifyRecoveryPhrasePresenter.swift in Sources */ = {isa = PBXBuildFile; fileRef = 456D856321F2C6DB005150F3 /* VerifyRecoveryPhrasePresenter.swift */; };
		456D856621F2C71C005150F3 /* VerifyRecoveryPhrase.swift in Sources */ = {isa = PBXBuildFile; fileRef = 456D856521F2C71C005150F3 /* VerifyRecoveryPhrase.swift */; };
		456D856821F2E296005150F3 /* ChoosePasswordPresenter.swift in Sources */ = {isa = PBXBuildFile; fileRef = 456D856721F2E296005150F3 /* ChoosePasswordPresenter.swift */; };
		456D856A21F2E2D7005150F3 /* ChoosePassword.swift in Sources */ = {isa = PBXBuildFile; fileRef = 456D856921F2E2D7005150F3 /* ChoosePassword.swift */; };
		456D856C21F41057005150F3 /* WalletRepository.swift in Sources */ = {isa = PBXBuildFile; fileRef = 456D856B21F41057005150F3 /* WalletRepository.swift */; };
		456D856E21F411BA005150F3 /* Wallet.swift in Sources */ = {isa = PBXBuildFile; fileRef = 456D856D21F411BA005150F3 /* Wallet.swift */; };
		456D857021F59AB7005150F3 /* Currency.swift in Sources */ = {isa = PBXBuildFile; fileRef = 456D856F21F59AB7005150F3 /* Currency.swift */; };
		4579A9EA220EA19000CBCFAE /* UserSearchPresenter.swift in Sources */ = {isa = PBXBuildFile; fileRef = 4579A9E9220EA19000CBCFAE /* UserSearchPresenter.swift */; };
		4579A9EC220EA1B000CBCFAE /* UserSearch.swift in Sources */ = {isa = PBXBuildFile; fileRef = 4579A9EB220EA1B000CBCFAE /* UserSearch.swift */; };
		4579A9EE220EB0E300CBCFAE /* ContactRequest.swift in Sources */ = {isa = PBXBuildFile; fileRef = 4579A9ED220EB0E300CBCFAE /* ContactRequest.swift */; };
		4579A9F0220EB11100CBCFAE /* ContactListRequest.swift in Sources */ = {isa = PBXBuildFile; fileRef = 4579A9EF220EB11100CBCFAE /* ContactListRequest.swift */; };
		4579A9F2220EB12600CBCFAE /* ContactListResponse.swift in Sources */ = {isa = PBXBuildFile; fileRef = 4579A9F1220EB12600CBCFAE /* ContactListResponse.swift */; };
		4579A9F4220EB13E00CBCFAE /* ContactListStringResponse.swift in Sources */ = {isa = PBXBuildFile; fileRef = 4579A9F3220EB13E00CBCFAE /* ContactListStringResponse.swift */; };
		4579A9F6220EB5A200CBCFAE /* UserSearchResponse.swift in Sources */ = {isa = PBXBuildFile; fileRef = 4579A9F5220EB5A200CBCFAE /* UserSearchResponse.swift */; };
		457F54DD21FD12C600EA25AC /* WalletUtils.swift in Sources */ = {isa = PBXBuildFile; fileRef = 457F54DC21FD12C600EA25AC /* WalletUtils.swift */; };
		457F54DF21FD154300EA25AC /* FileUtils.swift in Sources */ = {isa = PBXBuildFile; fileRef = 457F54DE21FD154300EA25AC /* FileUtils.swift */; };
		457F54E121FD904000EA25AC /* OnboardingUserProfilePresenter.swift in Sources */ = {isa = PBXBuildFile; fileRef = 457F54E021FD904000EA25AC /* OnboardingUserProfilePresenter.swift */; };
		457F54E321FD905D00EA25AC /* OnboardingUserProfile.swift in Sources */ = {isa = PBXBuildFile; fileRef = 457F54E221FD905D00EA25AC /* OnboardingUserProfile.swift */; };
		457F54E521FE9C5800EA25AC /* UsernameResponse.swift in Sources */ = {isa = PBXBuildFile; fileRef = 457F54E421FE9C5800EA25AC /* UsernameResponse.swift */; };
		457F54E721FECE4400EA25AC /* SecureMessage.swift in Sources */ = {isa = PBXBuildFile; fileRef = 457F54E621FECE4400EA25AC /* SecureMessage.swift */; };
		45828C64220D358200594842 /* SplashScreenViewController.swift in Sources */ = {isa = PBXBuildFile; fileRef = 45828C63220D358200594842 /* SplashScreenViewController.swift */; };
		45828C66220D35A300594842 /* SplashScreen.swift in Sources */ = {isa = PBXBuildFile; fileRef = 45828C65220D35A300594842 /* SplashScreen.swift */; };
		45828C68220D364C00594842 /* SplashScreenPresenter.swift in Sources */ = {isa = PBXBuildFile; fileRef = 45828C67220D364C00594842 /* SplashScreenPresenter.swift */; };
		45828C6A220D399000594842 /* SplashScreen.storyboard in Resources */ = {isa = PBXBuildFile; fileRef = 45828C69220D399000594842 /* SplashScreen.storyboard */; };
		45828C71220D5F4E00594842 /* WalletViewController.swift in Sources */ = {isa = PBXBuildFile; fileRef = 45828C70220D5F4E00594842 /* WalletViewController.swift */; };
		45828C75220E851000594842 /* UserSearchViewController.swift in Sources */ = {isa = PBXBuildFile; fileRef = 45828C74220E851000594842 /* UserSearchViewController.swift */; };
		45828C77220E852700594842 /* ContactsViewController.swift in Sources */ = {isa = PBXBuildFile; fileRef = 45828C76220E852700594842 /* ContactsViewController.swift */; };
		459DEBBA21DFB82B009F0BE0 /* Tutorial.storyboard in Resources */ = {isa = PBXBuildFile; fileRef = 459DEBB921DFB82B009F0BE0 /* Tutorial.storyboard */; };
		459DEBBC21DFB84E009F0BE0 /* MainApp.storyboard in Resources */ = {isa = PBXBuildFile; fileRef = 459DEBBB21DFB84E009F0BE0 /* MainApp.storyboard */; };
		459DEBBE21DFBCAA009F0BE0 /* AppConstants.swift in Sources */ = {isa = PBXBuildFile; fileRef = 459DEBBD21DFBCAA009F0BE0 /* AppConstants.swift */; };
		459DEBC021DFBCBB009F0BE0 /* AppStyle.swift in Sources */ = {isa = PBXBuildFile; fileRef = 459DEBBF21DFBCBB009F0BE0 /* AppStyle.swift */; };
		459DEBC221DFBCDE009F0BE0 /* AppConfig.swift in Sources */ = {isa = PBXBuildFile; fileRef = 459DEBC121DFBCDE009F0BE0 /* AppConfig.swift */; };
		45A6D7A521EFD782007A6F42 /* VerifyPhone.swift in Sources */ = {isa = PBXBuildFile; fileRef = 45A6D7A421EFD782007A6F42 /* VerifyPhone.swift */; };
		45A6D7A721EFD8A7007A6F42 /* VerifyPhoneNumberPresenterImpl.swift in Sources */ = {isa = PBXBuildFile; fileRef = 45A6D7A621EFD8A7007A6F42 /* VerifyPhoneNumberPresenterImpl.swift */; };
		45A6D7AB21EFE20E007A6F42 /* ExistingAccountViewController.swift in Sources */ = {isa = PBXBuildFile; fileRef = 45A6D7AA21EFE20E007A6F42 /* ExistingAccountViewController.swift */; };
		45A6D7AD21EFE220007A6F42 /* RecoveryPhraseViewController.swift in Sources */ = {isa = PBXBuildFile; fileRef = 45A6D7AC21EFE220007A6F42 /* RecoveryPhraseViewController.swift */; };
		45A6D7B021EFE242007A6F42 /* VerifyRecoveryPhraseViewController.swift in Sources */ = {isa = PBXBuildFile; fileRef = 45A6D7AF21EFE242007A6F42 /* VerifyRecoveryPhraseViewController.swift */; };
		45A6D7B321EFE298007A6F42 /* ChoosePasswordViewController.swift in Sources */ = {isa = PBXBuildFile; fileRef = 45A6D7B221EFE298007A6F42 /* ChoosePasswordViewController.swift */; };
		45A6D7B621EFE2FF007A6F42 /* OnboardingUserProfileViewController.swift in Sources */ = {isa = PBXBuildFile; fileRef = 45A6D7B521EFE2FF007A6F42 /* OnboardingUserProfileViewController.swift */; };
		45A6D7B921F01DF7007A6F42 /* RestoreWalletViewController.swift in Sources */ = {isa = PBXBuildFile; fileRef = 45A6D7B821F01DF7007A6F42 /* RestoreWalletViewController.swift */; };
		45AD3A2621E33FBC00198D6F /* EnterPhoneNumberViewController.swift in Sources */ = {isa = PBXBuildFile; fileRef = 45AD3A2521E33FBC00198D6F /* EnterPhoneNumberViewController.swift */; };
		45AD3A2821E3405E00198D6F /* EnterPhoneNumberPresenterImpl.swift in Sources */ = {isa = PBXBuildFile; fileRef = 45AD3A2721E3405E00198D6F /* EnterPhoneNumberPresenterImpl.swift */; };
		45AD3A2A21E3409900198D6F /* EnterPhoneNumber.swift in Sources */ = {isa = PBXBuildFile; fileRef = 45AD3A2921E3409900198D6F /* EnterPhoneNumber.swift */; };
		45AD3A2D21E3411300198D6F /* BasePresenter.swift in Sources */ = {isa = PBXBuildFile; fileRef = 45AD3A2C21E3411300198D6F /* BasePresenter.swift */; };
		45AD3A2F21E3412B00198D6F /* BaseView.swift in Sources */ = {isa = PBXBuildFile; fileRef = 45AD3A2E21E3412B00198D6F /* BaseView.swift */; };
		45AD3A3221E3444900198D6F /* PhoneVerificationRequest.swift in Sources */ = {isa = PBXBuildFile; fileRef = 45AD3A3121E3444900198D6F /* PhoneVerificationRequest.swift */; };
		45AD3A3621E3DCD400198D6F /* UITextFieldExtension.swift in Sources */ = {isa = PBXBuildFile; fileRef = 45AD3A3521E3DCD400198D6F /* UITextFieldExtension.swift */; };
		45AD3A3821E3E56600198D6F /* FlagKit.xcassets in Resources */ = {isa = PBXBuildFile; fileRef = 45AD3A3721E3E56600198D6F /* FlagKit.xcassets */; };
		45AD3A3A21E42B8500198D6F /* SelectCountryViewController.swift in Sources */ = {isa = PBXBuildFile; fileRef = 45AD3A3921E42B8500198D6F /* SelectCountryViewController.swift */; };
		45AD3A3D21E42C4C00198D6F /* CountryTableViewCell.swift in Sources */ = {isa = PBXBuildFile; fileRef = 45AD3A3B21E42C4C00198D6F /* CountryTableViewCell.swift */; };
		45AD3A3E21E42C4C00198D6F /* CountryTableViewCell.xib in Resources */ = {isa = PBXBuildFile; fileRef = 45AD3A3C21E42C4C00198D6F /* CountryTableViewCell.xib */; };
		45AD3A4021E5635100198D6F /* BaseViewController.swift in Sources */ = {isa = PBXBuildFile; fileRef = 45AD3A3F21E5635100198D6F /* BaseViewController.swift */; };
		45AD3A4221E5673C00198D6F /* ModalViewController.swift in Sources */ = {isa = PBXBuildFile; fileRef = 45AD3A4121E5673C00198D6F /* ModalViewController.swift */; };
		45AD3A4421E5862200198D6F /* InsetTextField.swift in Sources */ = {isa = PBXBuildFile; fileRef = 45AD3A4321E5862200198D6F /* InsetTextField.swift */; };
		45AD3A4621E71B6000198D6F /* UIViewExtension.swift in Sources */ = {isa = PBXBuildFile; fileRef = 45AD3A4521E71B6000198D6F /* UIViewExtension.swift */; };
		45AD3A4821E71D2D00198D6F /* UIColorExtension.swift in Sources */ = {isa = PBXBuildFile; fileRef = 45AD3A4721E71D2D00198D6F /* UIColorExtension.swift */; };
		45AD3A4C21E71EA300198D6F /* ColoredButton.swift in Sources */ = {isa = PBXBuildFile; fileRef = 45AD3A4B21E71EA300198D6F /* ColoredButton.swift */; };
		45AD3A4E21E72CAD00198D6F /* config.prod.json in Resources */ = {isa = PBXBuildFile; fileRef = 45AD3A4D21E72CAD00198D6F /* config.prod.json */; };
		45AD3A5021E7308800198D6F /* PhoneVerificationResponse.swift in Sources */ = {isa = PBXBuildFile; fileRef = 45AD3A4F21E7308800198D6F /* PhoneVerificationResponse.swift */; };
		45AD3A5221E730EC00198D6F /* PhoneVerificationConfirmation.swift in Sources */ = {isa = PBXBuildFile; fileRef = 45AD3A5121E730EC00198D6F /* PhoneVerificationConfirmation.swift */; };
		45AD3A5421E731B100198D6F /* Authorization.swift in Sources */ = {isa = PBXBuildFile; fileRef = 45AD3A5321E731B100198D6F /* Authorization.swift */; };
		45AD3A5721E7375900198D6F /* DateFormatterExtension.swift in Sources */ = {isa = PBXBuildFile; fileRef = 45AD3A5621E7375900198D6F /* DateFormatterExtension.swift */; };
		45AD3A5921E73D7500198D6F /* User.swift in Sources */ = {isa = PBXBuildFile; fileRef = 45AD3A5821E73D7500198D6F /* User.swift */; };
		45AD3A5B21E73E0200198D6F /* UserPhotos.swift in Sources */ = {isa = PBXBuildFile; fileRef = 45AD3A5A21E73E0200198D6F /* UserPhotos.swift */; };
		45AD3A5D21E73EEC00198D6F /* PendingSignup.swift in Sources */ = {isa = PBXBuildFile; fileRef = 45AD3A5C21E73EEC00198D6F /* PendingSignup.swift */; };
		45AD3A5F21E7440400198D6F /* DictionaryEncodable.swift in Sources */ = {isa = PBXBuildFile; fileRef = 45AD3A5E21E7440400198D6F /* DictionaryEncodable.swift */; };
		45B7A42721DEC293005A1124 /* AppDelegate.swift in Sources */ = {isa = PBXBuildFile; fileRef = 45B7A42621DEC293005A1124 /* AppDelegate.swift */; };
		45B7A42921DEC293005A1124 /* RootViewController.swift in Sources */ = {isa = PBXBuildFile; fileRef = 45B7A42821DEC293005A1124 /* RootViewController.swift */; };
		45B7A42B21DEC293005A1124 /* DataViewController.swift in Sources */ = {isa = PBXBuildFile; fileRef = 45B7A42A21DEC293005A1124 /* DataViewController.swift */; };
		45B7A42D21DEC293005A1124 /* ModelController.swift in Sources */ = {isa = PBXBuildFile; fileRef = 45B7A42C21DEC293005A1124 /* ModelController.swift */; };
		45B7A43021DEC293005A1124 /* Main.storyboard in Resources */ = {isa = PBXBuildFile; fileRef = 45B7A42E21DEC293005A1124 /* Main.storyboard */; };
		45B7A43221DEC295005A1124 /* Assets.xcassets in Resources */ = {isa = PBXBuildFile; fileRef = 45B7A43121DEC295005A1124 /* Assets.xcassets */; };
		45B7A43521DEC295005A1124 /* LaunchScreen.storyboard in Resources */ = {isa = PBXBuildFile; fileRef = 45B7A43321DEC295005A1124 /* LaunchScreen.storyboard */; };
		45B7A44021DEC295005A1124 /* KasakasaTests.swift in Sources */ = {isa = PBXBuildFile; fileRef = 45B7A43F21DEC295005A1124 /* KasakasaTests.swift */; };
		45B7A44B21DEC295005A1124 /* KasakasaUITests.swift in Sources */ = {isa = PBXBuildFile; fileRef = 45B7A44A21DEC295005A1124 /* KasakasaUITests.swift */; };
		45BBF05821E1C46B0042EC5D /* NetworkService.swift in Sources */ = {isa = PBXBuildFile; fileRef = 45BBF05721E1C46B0042EC5D /* NetworkService.swift */; };
		45BBF05A21E1C48A0042EC5D /* TipApiService.swift in Sources */ = {isa = PBXBuildFile; fileRef = 45BBF05921E1C48A0042EC5D /* TipApiService.swift */; };
		45BBF05F21E1C86C0042EC5D /* AppErrors.swift in Sources */ = {isa = PBXBuildFile; fileRef = 45BBF05E21E1C86C0042EC5D /* AppErrors.swift */; };
		45BBF06221E1C8C90042EC5D /* Json.swift in Sources */ = {isa = PBXBuildFile; fileRef = 45BBF06121E1C8C90042EC5D /* Json.swift */; };
		45BBF06421E1D2D50042EC5D /* StringExtension.swift in Sources */ = {isa = PBXBuildFile; fileRef = 45BBF06321E1D2D50042EC5D /* StringExtension.swift */; };
		45BBF06721E1D3450042EC5D /* Localizable.strings in Resources */ = {isa = PBXBuildFile; fileRef = 45BBF06621E1D3450042EC5D /* Localizable.strings */; };
		45BBF07121E1E0C20042EC5D /* UrlRequestConvertible.swift in Sources */ = {isa = PBXBuildFile; fileRef = 45BBF07021E1E0C20042EC5D /* UrlRequestConvertible.swift */; };
		45BBF07421E1E1BD0042EC5D /* TipApiServiceTests.swift in Sources */ = {isa = PBXBuildFile; fileRef = 45BBF07321E1E1BD0042EC5D /* TipApiServiceTests.swift */; };
		45BBF07621E2C29D0042EC5D /* Country.swift in Sources */ = {isa = PBXBuildFile; fileRef = 45BBF07521E2C29D0042EC5D /* Country.swift */; };
		45BBF07821E2CDAE0042EC5D /* Onboarding.storyboard in Resources */ = {isa = PBXBuildFile; fileRef = 45BBF07721E2CDAE0042EC5D /* Onboarding.storyboard */; };
		45BBF07A21E2DBFD0042EC5D /* Flags.xcassets in Resources */ = {isa = PBXBuildFile; fileRef = 45BBF07921E2DBFD0042EC5D /* Flags.xcassets */; };
		45FD5B5021E0333900C247F0 /* TutorialViewController.swift in Sources */ = {isa = PBXBuildFile; fileRef = 45FD5B4F21E0333900C247F0 /* TutorialViewController.swift */; };
		45FD5B5421E0688E00C247F0 /* config.local.json in Resources */ = {isa = PBXBuildFile; fileRef = 45FD5B5321E0688E00C247F0 /* config.local.json */; };
		45FD5B5621E069A600C247F0 /* config.dev.json in Resources */ = {isa = PBXBuildFile; fileRef = 45FD5B5521E069A600C247F0 /* config.dev.json */; };
		45FD5B5A21E06BEF00C247F0 /* TipNetworkRequest.swift in Sources */ = {isa = PBXBuildFile; fileRef = 45FD5B5921E06BEF00C247F0 /* TipNetworkRequest.swift */; };
		AA3D42796523BAD22597BF78 /* Pods_KasakasaUITests.framework in Frameworks */ = {isa = PBXBuildFile; fileRef = 4294AC8A23AC5001206D179D /* Pods_KasakasaUITests.framework */; };
		E9E9120409A0EA851B856B96 /* Pods_KasakasaTests.framework in Frameworks */ = {isa = PBXBuildFile; fileRef = 64C1F411CBAB9DA207033196 /* Pods_KasakasaTests.framework */; };
/* End PBXBuildFile section */

/* Begin PBXContainerItemProxy section */
		45B7A43C21DEC295005A1124 /* PBXContainerItemProxy */ = {
			isa = PBXContainerItemProxy;
			containerPortal = 45B7A41B21DEC293005A1124 /* Project object */;
			proxyType = 1;
			remoteGlobalIDString = 45B7A42221DEC293005A1124;
			remoteInfo = Kasakasa;
		};
		45B7A44721DEC295005A1124 /* PBXContainerItemProxy */ = {
			isa = PBXContainerItemProxy;
			containerPortal = 45B7A41B21DEC293005A1124 /* Project object */;
			proxyType = 1;
			remoteGlobalIDString = 45B7A42221DEC293005A1124;
			remoteInfo = Kasakasa;
		};
/* End PBXContainerItemProxy section */

/* Begin PBXFileReference section */
		0CE4858EE3673508D37A0CA7 /* Pods-KasakasaUITests.debug.xcconfig */ = {isa = PBXFileReference; includeInIndex = 1; lastKnownFileType = text.xcconfig; name = "Pods-KasakasaUITests.debug.xcconfig"; path = "Pods/Target Support Files/Pods-KasakasaUITests/Pods-KasakasaUITests.debug.xcconfig"; sourceTree = "<group>"; };
		16F5D9A5D9BDF5820E80BB19 /* Pods-KasakasaUITests.release.xcconfig */ = {isa = PBXFileReference; includeInIndex = 1; lastKnownFileType = text.xcconfig; name = "Pods-KasakasaUITests.release.xcconfig"; path = "Pods/Target Support Files/Pods-KasakasaUITests/Pods-KasakasaUITests.release.xcconfig"; sourceTree = "<group>"; };
		3C93976B3D352ECDF6EE0E05 /* Pods-KasakasaTests.dev.xcconfig */ = {isa = PBXFileReference; includeInIndex = 1; lastKnownFileType = text.xcconfig; name = "Pods-KasakasaTests.dev.xcconfig"; path = "Pods/Target Support Files/Pods-KasakasaTests/Pods-KasakasaTests.dev.xcconfig"; sourceTree = "<group>"; };
		4294AC8A23AC5001206D179D /* Pods_KasakasaUITests.framework */ = {isa = PBXFileReference; explicitFileType = wrapper.framework; includeInIndex = 0; path = Pods_KasakasaUITests.framework; sourceTree = BUILT_PRODUCTS_DIR; };
		43FEF94EE03D10C56C32CBF2 /* Pods-KasakasaTests.release.xcconfig */ = {isa = PBXFileReference; includeInIndex = 1; lastKnownFileType = text.xcconfig; name = "Pods-KasakasaTests.release.xcconfig"; path = "Pods/Target Support Files/Pods-KasakasaTests/Pods-KasakasaTests.release.xcconfig"; sourceTree = "<group>"; };
		45129C5A21DFC59C00F585FA /* IntroPageViewController.swift */ = {isa = PBXFileReference; lastKnownFileType = sourcecode.swift; path = IntroPageViewController.swift; sourceTree = "<group>"; };
		4524159921F1AF03005B53A2 /* AppDefaults.swift */ = {isa = PBXFileReference; lastKnownFileType = sourcecode.swift; path = AppDefaults.swift; sourceTree = "<group>"; };
		4524159C21F1B257005B53A2 /* AuthorizationRepository.swift */ = {isa = PBXFileReference; lastKnownFileType = sourcecode.swift; path = AuthorizationRepository.swift; sourceTree = "<group>"; };
		4524159E21F1B893005B53A2 /* UserRepository.swift */ = {isa = PBXFileReference; lastKnownFileType = sourcecode.swift; path = UserRepository.swift; sourceTree = "<group>"; };
		452AD7F021EFAB13007F11E2 /* TextUtils.swift */ = {isa = PBXFileReference; lastKnownFileType = sourcecode.swift; path = TextUtils.swift; sourceTree = "<group>"; };
		452AD7F321EFB839007F11E2 /* VerifyPhoneNumberViewController.swift */ = {isa = PBXFileReference; lastKnownFileType = sourcecode.swift; path = VerifyPhoneNumberViewController.swift; sourceTree = "<group>"; };
		452AD7F521EFBBAB007F11E2 /* Icons.xcassets */ = {isa = PBXFileReference; lastKnownFileType = folder.assetcatalog; path = Icons.xcassets; sourceTree = "<group>"; };
		455F395F22022EEF00516286 /* ExistingAccountPresenter.swift */ = {isa = PBXFileReference; lastKnownFileType = sourcecode.swift; path = ExistingAccountPresenter.swift; sourceTree = "<group>"; };
		455F39612202348200516286 /* UIImageExtension.swift */ = {isa = PBXFileReference; lastKnownFileType = sourcecode.swift; path = UIImageExtension.swift; sourceTree = "<group>"; };
		455F396322023C4000516286 /* RestoreWalletPresenter.swift */ = {isa = PBXFileReference; lastKnownFileType = sourcecode.swift; path = RestoreWalletPresenter.swift; sourceTree = "<group>"; };
		455F396522023D2600516286 /* RestoreWallet.swift */ = {isa = PBXFileReference; lastKnownFileType = sourcecode.swift; path = RestoreWallet.swift; sourceTree = "<group>"; };
		455F396722042D5E00516286 /* AppDatabase.swift */ = {isa = PBXFileReference; lastKnownFileType = sourcecode.swift; path = AppDatabase.swift; sourceTree = "<group>"; };
		456012C42214DB5E003B04E2 /* UserSearchTableViewCell.swift */ = {isa = PBXFileReference; lastKnownFileType = sourcecode.swift; path = UserSearchTableViewCell.swift; sourceTree = "<group>"; };
		456012C622152689003B04E2 /* Contacts.swift */ = {isa = PBXFileReference; lastKnownFileType = sourcecode.swift; path = Contacts.swift; sourceTree = "<group>"; };
		456012C822152703003B04E2 /* ContactsPresenter.swift */ = {isa = PBXFileReference; lastKnownFileType = sourcecode.swift; path = ContactsPresenter.swift; sourceTree = "<group>"; };
		456012CA22152FE9003B04E2 /* ContactTableViewCell.swift */ = {isa = PBXFileReference; lastKnownFileType = sourcecode.swift; path = ContactTableViewCell.swift; sourceTree = "<group>"; };
		456D855D21F2A518005150F3 /* Web3Bridge.swift */ = {isa = PBXFileReference; lastKnownFileType = sourcecode.swift; path = Web3Bridge.swift; sourceTree = "<group>"; };
		456D855F21F2A899005150F3 /* RecoveryPhrasePresenter.swift */ = {isa = PBXFileReference; lastKnownFileType = sourcecode.swift; path = RecoveryPhrasePresenter.swift; sourceTree = "<group>"; };
		456D856121F2B511005150F3 /* RecoveryPhrase.swift */ = {isa = PBXFileReference; lastKnownFileType = sourcecode.swift; path = RecoveryPhrase.swift; sourceTree = "<group>"; };
		456D856321F2C6DB005150F3 /* VerifyRecoveryPhrasePresenter.swift */ = {isa = PBXFileReference; lastKnownFileType = sourcecode.swift; path = VerifyRecoveryPhrasePresenter.swift; sourceTree = "<group>"; };
		456D856521F2C71C005150F3 /* VerifyRecoveryPhrase.swift */ = {isa = PBXFileReference; lastKnownFileType = sourcecode.swift; path = VerifyRecoveryPhrase.swift; sourceTree = "<group>"; };
		456D856721F2E296005150F3 /* ChoosePasswordPresenter.swift */ = {isa = PBXFileReference; lastKnownFileType = sourcecode.swift; path = ChoosePasswordPresenter.swift; sourceTree = "<group>"; };
		456D856921F2E2D7005150F3 /* ChoosePassword.swift */ = {isa = PBXFileReference; lastKnownFileType = sourcecode.swift; path = ChoosePassword.swift; sourceTree = "<group>"; };
		456D856B21F41057005150F3 /* WalletRepository.swift */ = {isa = PBXFileReference; lastKnownFileType = sourcecode.swift; path = WalletRepository.swift; sourceTree = "<group>"; };
		456D856D21F411BA005150F3 /* Wallet.swift */ = {isa = PBXFileReference; lastKnownFileType = sourcecode.swift; path = Wallet.swift; sourceTree = "<group>"; };
		456D856F21F59AB7005150F3 /* Currency.swift */ = {isa = PBXFileReference; lastKnownFileType = sourcecode.swift; path = Currency.swift; sourceTree = "<group>"; };
		4579A9E9220EA19000CBCFAE /* UserSearchPresenter.swift */ = {isa = PBXFileReference; lastKnownFileType = sourcecode.swift; path = UserSearchPresenter.swift; sourceTree = "<group>"; };
		4579A9EB220EA1B000CBCFAE /* UserSearch.swift */ = {isa = PBXFileReference; lastKnownFileType = sourcecode.swift; path = UserSearch.swift; sourceTree = "<group>"; };
		4579A9ED220EB0E300CBCFAE /* ContactRequest.swift */ = {isa = PBXFileReference; lastKnownFileType = sourcecode.swift; path = ContactRequest.swift; sourceTree = "<group>"; };
		4579A9EF220EB11100CBCFAE /* ContactListRequest.swift */ = {isa = PBXFileReference; lastKnownFileType = sourcecode.swift; path = ContactListRequest.swift; sourceTree = "<group>"; };
		4579A9F1220EB12600CBCFAE /* ContactListResponse.swift */ = {isa = PBXFileReference; lastKnownFileType = sourcecode.swift; path = ContactListResponse.swift; sourceTree = "<group>"; };
		4579A9F3220EB13E00CBCFAE /* ContactListStringResponse.swift */ = {isa = PBXFileReference; lastKnownFileType = sourcecode.swift; path = ContactListStringResponse.swift; sourceTree = "<group>"; };
		4579A9F5220EB5A200CBCFAE /* UserSearchResponse.swift */ = {isa = PBXFileReference; lastKnownFileType = sourcecode.swift; path = UserSearchResponse.swift; sourceTree = "<group>"; };
		457F54DC21FD12C600EA25AC /* WalletUtils.swift */ = {isa = PBXFileReference; lastKnownFileType = sourcecode.swift; path = WalletUtils.swift; sourceTree = "<group>"; };
		457F54DE21FD154300EA25AC /* FileUtils.swift */ = {isa = PBXFileReference; lastKnownFileType = sourcecode.swift; path = FileUtils.swift; sourceTree = "<group>"; };
		457F54E021FD904000EA25AC /* OnboardingUserProfilePresenter.swift */ = {isa = PBXFileReference; lastKnownFileType = sourcecode.swift; path = OnboardingUserProfilePresenter.swift; sourceTree = "<group>"; };
		457F54E221FD905D00EA25AC /* OnboardingUserProfile.swift */ = {isa = PBXFileReference; lastKnownFileType = sourcecode.swift; path = OnboardingUserProfile.swift; sourceTree = "<group>"; };
		457F54E421FE9C5800EA25AC /* UsernameResponse.swift */ = {isa = PBXFileReference; lastKnownFileType = sourcecode.swift; path = UsernameResponse.swift; sourceTree = "<group>"; };
		457F54E621FECE4400EA25AC /* SecureMessage.swift */ = {isa = PBXFileReference; lastKnownFileType = sourcecode.swift; path = SecureMessage.swift; sourceTree = "<group>"; };
		45828C63220D358200594842 /* SplashScreenViewController.swift */ = {isa = PBXFileReference; lastKnownFileType = sourcecode.swift; path = SplashScreenViewController.swift; sourceTree = "<group>"; };
		45828C65220D35A300594842 /* SplashScreen.swift */ = {isa = PBXFileReference; lastKnownFileType = sourcecode.swift; path = SplashScreen.swift; sourceTree = "<group>"; };
		45828C67220D364C00594842 /* SplashScreenPresenter.swift */ = {isa = PBXFileReference; lastKnownFileType = sourcecode.swift; path = SplashScreenPresenter.swift; sourceTree = "<group>"; };
		45828C69220D399000594842 /* SplashScreen.storyboard */ = {isa = PBXFileReference; lastKnownFileType = file.storyboard; path = SplashScreen.storyboard; sourceTree = "<group>"; };
		45828C6D220D4E1A00594842 /* Kasakasa.playground */ = {isa = PBXFileReference; lastKnownFileType = file.playground; name = Kasakasa.playground; path = ../../Kasakasa.playground; sourceTree = "<group>"; xcLanguageSpecificationIdentifier = xcode.lang.swift; };
		45828C70220D5F4E00594842 /* WalletViewController.swift */ = {isa = PBXFileReference; lastKnownFileType = sourcecode.swift; path = WalletViewController.swift; sourceTree = "<group>"; };
		45828C74220E851000594842 /* UserSearchViewController.swift */ = {isa = PBXFileReference; lastKnownFileType = sourcecode.swift; path = UserSearchViewController.swift; sourceTree = "<group>"; };
		45828C76220E852700594842 /* ContactsViewController.swift */ = {isa = PBXFileReference; lastKnownFileType = sourcecode.swift; path = ContactsViewController.swift; sourceTree = "<group>"; };
		459DEBB921DFB82B009F0BE0 /* Tutorial.storyboard */ = {isa = PBXFileReference; lastKnownFileType = file.storyboard; path = Tutorial.storyboard; sourceTree = "<group>"; };
		459DEBBB21DFB84E009F0BE0 /* MainApp.storyboard */ = {isa = PBXFileReference; lastKnownFileType = file.storyboard; path = MainApp.storyboard; sourceTree = "<group>"; };
		459DEBBD21DFBCAA009F0BE0 /* AppConstants.swift */ = {isa = PBXFileReference; lastKnownFileType = sourcecode.swift; path = AppConstants.swift; sourceTree = "<group>"; };
		459DEBBF21DFBCBB009F0BE0 /* AppStyle.swift */ = {isa = PBXFileReference; lastKnownFileType = sourcecode.swift; path = AppStyle.swift; sourceTree = "<group>"; };
		459DEBC121DFBCDE009F0BE0 /* AppConfig.swift */ = {isa = PBXFileReference; lastKnownFileType = sourcecode.swift; path = AppConfig.swift; sourceTree = "<group>"; };
		45A6D7A421EFD782007A6F42 /* VerifyPhone.swift */ = {isa = PBXFileReference; lastKnownFileType = sourcecode.swift; path = VerifyPhone.swift; sourceTree = "<group>"; };
		45A6D7A621EFD8A7007A6F42 /* VerifyPhoneNumberPresenterImpl.swift */ = {isa = PBXFileReference; lastKnownFileType = sourcecode.swift; path = VerifyPhoneNumberPresenterImpl.swift; sourceTree = "<group>"; };
		45A6D7AA21EFE20E007A6F42 /* ExistingAccountViewController.swift */ = {isa = PBXFileReference; lastKnownFileType = sourcecode.swift; path = ExistingAccountViewController.swift; sourceTree = "<group>"; };
		45A6D7AC21EFE220007A6F42 /* RecoveryPhraseViewController.swift */ = {isa = PBXFileReference; lastKnownFileType = sourcecode.swift; path = RecoveryPhraseViewController.swift; sourceTree = "<group>"; };
		45A6D7AF21EFE242007A6F42 /* VerifyRecoveryPhraseViewController.swift */ = {isa = PBXFileReference; lastKnownFileType = sourcecode.swift; path = VerifyRecoveryPhraseViewController.swift; sourceTree = "<group>"; };
		45A6D7B221EFE298007A6F42 /* ChoosePasswordViewController.swift */ = {isa = PBXFileReference; lastKnownFileType = sourcecode.swift; path = ChoosePasswordViewController.swift; sourceTree = "<group>"; };
		45A6D7B521EFE2FF007A6F42 /* OnboardingUserProfileViewController.swift */ = {isa = PBXFileReference; lastKnownFileType = sourcecode.swift; path = OnboardingUserProfileViewController.swift; sourceTree = "<group>"; };
		45A6D7B821F01DF7007A6F42 /* RestoreWalletViewController.swift */ = {isa = PBXFileReference; lastKnownFileType = sourcecode.swift; path = RestoreWalletViewController.swift; sourceTree = "<group>"; };
		45AD3A2521E33FBC00198D6F /* EnterPhoneNumberViewController.swift */ = {isa = PBXFileReference; lastKnownFileType = sourcecode.swift; path = EnterPhoneNumberViewController.swift; sourceTree = "<group>"; };
		45AD3A2721E3405E00198D6F /* EnterPhoneNumberPresenterImpl.swift */ = {isa = PBXFileReference; lastKnownFileType = sourcecode.swift; path = EnterPhoneNumberPresenterImpl.swift; sourceTree = "<group>"; };
		45AD3A2921E3409900198D6F /* EnterPhoneNumber.swift */ = {isa = PBXFileReference; lastKnownFileType = sourcecode.swift; path = EnterPhoneNumber.swift; sourceTree = "<group>"; };
		45AD3A2C21E3411300198D6F /* BasePresenter.swift */ = {isa = PBXFileReference; lastKnownFileType = sourcecode.swift; path = BasePresenter.swift; sourceTree = "<group>"; };
		45AD3A2E21E3412B00198D6F /* BaseView.swift */ = {isa = PBXFileReference; lastKnownFileType = sourcecode.swift; path = BaseView.swift; sourceTree = "<group>"; };
		45AD3A3121E3444900198D6F /* PhoneVerificationRequest.swift */ = {isa = PBXFileReference; lastKnownFileType = sourcecode.swift; path = PhoneVerificationRequest.swift; sourceTree = "<group>"; };
		45AD3A3521E3DCD400198D6F /* UITextFieldExtension.swift */ = {isa = PBXFileReference; lastKnownFileType = sourcecode.swift; path = UITextFieldExtension.swift; sourceTree = "<group>"; };
		45AD3A3721E3E56600198D6F /* FlagKit.xcassets */ = {isa = PBXFileReference; lastKnownFileType = folder.assetcatalog; path = FlagKit.xcassets; sourceTree = "<group>"; };
		45AD3A3921E42B8500198D6F /* SelectCountryViewController.swift */ = {isa = PBXFileReference; lastKnownFileType = sourcecode.swift; path = SelectCountryViewController.swift; sourceTree = "<group>"; };
		45AD3A3B21E42C4C00198D6F /* CountryTableViewCell.swift */ = {isa = PBXFileReference; lastKnownFileType = sourcecode.swift; path = CountryTableViewCell.swift; sourceTree = "<group>"; };
		45AD3A3C21E42C4C00198D6F /* CountryTableViewCell.xib */ = {isa = PBXFileReference; lastKnownFileType = file.xib; path = CountryTableViewCell.xib; sourceTree = "<group>"; };
		45AD3A3F21E5635100198D6F /* BaseViewController.swift */ = {isa = PBXFileReference; lastKnownFileType = sourcecode.swift; path = BaseViewController.swift; sourceTree = "<group>"; };
		45AD3A4121E5673C00198D6F /* ModalViewController.swift */ = {isa = PBXFileReference; lastKnownFileType = sourcecode.swift; path = ModalViewController.swift; sourceTree = "<group>"; };
		45AD3A4321E5862200198D6F /* InsetTextField.swift */ = {isa = PBXFileReference; lastKnownFileType = sourcecode.swift; path = InsetTextField.swift; sourceTree = "<group>"; };
		45AD3A4521E71B6000198D6F /* UIViewExtension.swift */ = {isa = PBXFileReference; lastKnownFileType = sourcecode.swift; path = UIViewExtension.swift; sourceTree = "<group>"; };
		45AD3A4721E71D2D00198D6F /* UIColorExtension.swift */ = {isa = PBXFileReference; lastKnownFileType = sourcecode.swift; path = UIColorExtension.swift; sourceTree = "<group>"; };
		45AD3A4B21E71EA300198D6F /* ColoredButton.swift */ = {isa = PBXFileReference; lastKnownFileType = sourcecode.swift; path = ColoredButton.swift; sourceTree = "<group>"; };
		45AD3A4D21E72CAD00198D6F /* config.prod.json */ = {isa = PBXFileReference; lastKnownFileType = text.json; path = config.prod.json; sourceTree = "<group>"; };
		45AD3A4F21E7308800198D6F /* PhoneVerificationResponse.swift */ = {isa = PBXFileReference; lastKnownFileType = sourcecode.swift; path = PhoneVerificationResponse.swift; sourceTree = "<group>"; };
		45AD3A5121E730EC00198D6F /* PhoneVerificationConfirmation.swift */ = {isa = PBXFileReference; lastKnownFileType = sourcecode.swift; path = PhoneVerificationConfirmation.swift; sourceTree = "<group>"; };
		45AD3A5321E731B100198D6F /* Authorization.swift */ = {isa = PBXFileReference; lastKnownFileType = sourcecode.swift; path = Authorization.swift; sourceTree = "<group>"; };
		45AD3A5621E7375900198D6F /* DateFormatterExtension.swift */ = {isa = PBXFileReference; lastKnownFileType = sourcecode.swift; path = DateFormatterExtension.swift; sourceTree = "<group>"; };
		45AD3A5821E73D7500198D6F /* User.swift */ = {isa = PBXFileReference; lastKnownFileType = sourcecode.swift; path = User.swift; sourceTree = "<group>"; };
		45AD3A5A21E73E0200198D6F /* UserPhotos.swift */ = {isa = PBXFileReference; lastKnownFileType = sourcecode.swift; path = UserPhotos.swift; sourceTree = "<group>"; };
		45AD3A5C21E73EEC00198D6F /* PendingSignup.swift */ = {isa = PBXFileReference; lastKnownFileType = sourcecode.swift; path = PendingSignup.swift; sourceTree = "<group>"; };
		45AD3A5E21E7440400198D6F /* DictionaryEncodable.swift */ = {isa = PBXFileReference; lastKnownFileType = sourcecode.swift; path = DictionaryEncodable.swift; sourceTree = "<group>"; };
		45B7A42321DEC293005A1124 /* Kasakasa.app */ = {isa = PBXFileReference; explicitFileType = wrapper.application; includeInIndex = 0; path = Kasakasa.app; sourceTree = BUILT_PRODUCTS_DIR; };
		45B7A42621DEC293005A1124 /* AppDelegate.swift */ = {isa = PBXFileReference; lastKnownFileType = sourcecode.swift; path = AppDelegate.swift; sourceTree = "<group>"; };
		45B7A42821DEC293005A1124 /* RootViewController.swift */ = {isa = PBXFileReference; lastKnownFileType = sourcecode.swift; path = RootViewController.swift; sourceTree = "<group>"; };
		45B7A42A21DEC293005A1124 /* DataViewController.swift */ = {isa = PBXFileReference; lastKnownFileType = sourcecode.swift; path = DataViewController.swift; sourceTree = "<group>"; };
		45B7A42C21DEC293005A1124 /* ModelController.swift */ = {isa = PBXFileReference; lastKnownFileType = sourcecode.swift; path = ModelController.swift; sourceTree = "<group>"; };
		45B7A42F21DEC293005A1124 /* Base */ = {isa = PBXFileReference; lastKnownFileType = file.storyboard; name = Base; path = Base.lproj/Main.storyboard; sourceTree = "<group>"; };
		45B7A43121DEC295005A1124 /* Assets.xcassets */ = {isa = PBXFileReference; lastKnownFileType = folder.assetcatalog; path = Assets.xcassets; sourceTree = "<group>"; };
		45B7A43421DEC295005A1124 /* Base */ = {isa = PBXFileReference; lastKnownFileType = file.storyboard; name = Base; path = Base.lproj/LaunchScreen.storyboard; sourceTree = "<group>"; };
		45B7A43621DEC295005A1124 /* Info.plist */ = {isa = PBXFileReference; lastKnownFileType = text.plist.xml; path = Info.plist; sourceTree = "<group>"; };
		45B7A43B21DEC295005A1124 /* KasakasaTests.xctest */ = {isa = PBXFileReference; explicitFileType = wrapper.cfbundle; includeInIndex = 0; path = KasakasaTests.xctest; sourceTree = BUILT_PRODUCTS_DIR; };
		45B7A43F21DEC295005A1124 /* KasakasaTests.swift */ = {isa = PBXFileReference; lastKnownFileType = sourcecode.swift; path = KasakasaTests.swift; sourceTree = "<group>"; };
		45B7A44121DEC295005A1124 /* Info.plist */ = {isa = PBXFileReference; lastKnownFileType = text.plist.xml; path = Info.plist; sourceTree = "<group>"; };
		45B7A44621DEC295005A1124 /* KasakasaUITests.xctest */ = {isa = PBXFileReference; explicitFileType = wrapper.cfbundle; includeInIndex = 0; path = KasakasaUITests.xctest; sourceTree = BUILT_PRODUCTS_DIR; };
		45B7A44A21DEC295005A1124 /* KasakasaUITests.swift */ = {isa = PBXFileReference; lastKnownFileType = sourcecode.swift; path = KasakasaUITests.swift; sourceTree = "<group>"; };
		45B7A44C21DEC295005A1124 /* Info.plist */ = {isa = PBXFileReference; lastKnownFileType = text.plist.xml; path = Info.plist; sourceTree = "<group>"; };
		45BBF05721E1C46B0042EC5D /* NetworkService.swift */ = {isa = PBXFileReference; lastKnownFileType = sourcecode.swift; path = NetworkService.swift; sourceTree = "<group>"; };
		45BBF05921E1C48A0042EC5D /* TipApiService.swift */ = {isa = PBXFileReference; lastKnownFileType = sourcecode.swift; path = TipApiService.swift; sourceTree = "<group>"; };
		45BBF05E21E1C86C0042EC5D /* AppErrors.swift */ = {isa = PBXFileReference; lastKnownFileType = sourcecode.swift; path = AppErrors.swift; sourceTree = "<group>"; };
		45BBF06121E1C8C90042EC5D /* Json.swift */ = {isa = PBXFileReference; lastKnownFileType = sourcecode.swift; path = Json.swift; sourceTree = "<group>"; };
		45BBF06321E1D2D50042EC5D /* StringExtension.swift */ = {isa = PBXFileReference; lastKnownFileType = sourcecode.swift; path = StringExtension.swift; sourceTree = "<group>"; };
		45BBF06621E1D3450042EC5D /* Localizable.strings */ = {isa = PBXFileReference; lastKnownFileType = text.plist.strings; path = Localizable.strings; sourceTree = "<group>"; };
		45BBF07021E1E0C20042EC5D /* UrlRequestConvertible.swift */ = {isa = PBXFileReference; lastKnownFileType = sourcecode.swift; path = UrlRequestConvertible.swift; sourceTree = "<group>"; };
		45BBF07321E1E1BD0042EC5D /* TipApiServiceTests.swift */ = {isa = PBXFileReference; lastKnownFileType = sourcecode.swift; path = TipApiServiceTests.swift; sourceTree = "<group>"; };
		45BBF07521E2C29D0042EC5D /* Country.swift */ = {isa = PBXFileReference; lastKnownFileType = sourcecode.swift; path = Country.swift; sourceTree = "<group>"; };
		45BBF07721E2CDAE0042EC5D /* Onboarding.storyboard */ = {isa = PBXFileReference; lastKnownFileType = file.storyboard; path = Onboarding.storyboard; sourceTree = "<group>"; };
		45BBF07921E2DBFD0042EC5D /* Flags.xcassets */ = {isa = PBXFileReference; lastKnownFileType = folder.assetcatalog; path = Flags.xcassets; sourceTree = "<group>"; };
		45FD5B4F21E0333900C247F0 /* TutorialViewController.swift */ = {isa = PBXFileReference; lastKnownFileType = sourcecode.swift; path = TutorialViewController.swift; sourceTree = "<group>"; };
		45FD5B5321E0688E00C247F0 /* config.local.json */ = {isa = PBXFileReference; lastKnownFileType = text.json; path = config.local.json; sourceTree = "<group>"; };
		45FD5B5521E069A600C247F0 /* config.dev.json */ = {isa = PBXFileReference; lastKnownFileType = text.json; path = config.dev.json; sourceTree = "<group>"; };
		45FD5B5921E06BEF00C247F0 /* TipNetworkRequest.swift */ = {isa = PBXFileReference; lastKnownFileType = sourcecode.swift; path = TipNetworkRequest.swift; sourceTree = "<group>"; };
		4BB4EA9BF6C53D08F857D53C /* Pods-KasakasaUITests.dev.xcconfig */ = {isa = PBXFileReference; includeInIndex = 1; lastKnownFileType = text.xcconfig; name = "Pods-KasakasaUITests.dev.xcconfig"; path = "Pods/Target Support Files/Pods-KasakasaUITests/Pods-KasakasaUITests.dev.xcconfig"; sourceTree = "<group>"; };
		5B822B6A0B8CF57EDF8796E3 /* Pods-KasakasaTests.debug.xcconfig */ = {isa = PBXFileReference; includeInIndex = 1; lastKnownFileType = text.xcconfig; name = "Pods-KasakasaTests.debug.xcconfig"; path = "Pods/Target Support Files/Pods-KasakasaTests/Pods-KasakasaTests.debug.xcconfig"; sourceTree = "<group>"; };
		64C1F411CBAB9DA207033196 /* Pods_KasakasaTests.framework */ = {isa = PBXFileReference; explicitFileType = wrapper.framework; includeInIndex = 0; path = Pods_KasakasaTests.framework; sourceTree = BUILT_PRODUCTS_DIR; };
		66CE91E446407E27A30B1A18 /* Pods-Kasakasa.local.xcconfig */ = {isa = PBXFileReference; includeInIndex = 1; lastKnownFileType = text.xcconfig; name = "Pods-Kasakasa.local.xcconfig"; path = "Pods/Target Support Files/Pods-Kasakasa/Pods-Kasakasa.local.xcconfig"; sourceTree = "<group>"; };
		80BB20FB1BD2793A79682353 /* Pods-Kasakasa.debug.xcconfig */ = {isa = PBXFileReference; includeInIndex = 1; lastKnownFileType = text.xcconfig; name = "Pods-Kasakasa.debug.xcconfig"; path = "Pods/Target Support Files/Pods-Kasakasa/Pods-Kasakasa.debug.xcconfig"; sourceTree = "<group>"; };
		9F11CB047134BD6DA539ABBC /* Pods-KasakasaTests.local.xcconfig */ = {isa = PBXFileReference; includeInIndex = 1; lastKnownFileType = text.xcconfig; name = "Pods-KasakasaTests.local.xcconfig"; path = "Pods/Target Support Files/Pods-KasakasaTests/Pods-KasakasaTests.local.xcconfig"; sourceTree = "<group>"; };
		A1B4F9D7FE168D9F05D47CD2 /* Pods-KasakasaUITests.local.xcconfig */ = {isa = PBXFileReference; includeInIndex = 1; lastKnownFileType = text.xcconfig; name = "Pods-KasakasaUITests.local.xcconfig"; path = "Pods/Target Support Files/Pods-KasakasaUITests/Pods-KasakasaUITests.local.xcconfig"; sourceTree = "<group>"; };
		CDDE4411DA422C48C9E293AE /* Pods-Kasakasa.release.xcconfig */ = {isa = PBXFileReference; includeInIndex = 1; lastKnownFileType = text.xcconfig; name = "Pods-Kasakasa.release.xcconfig"; path = "Pods/Target Support Files/Pods-Kasakasa/Pods-Kasakasa.release.xcconfig"; sourceTree = "<group>"; };
		E632409FE437217F5D86E092 /* Pods-Kasakasa.dev.xcconfig */ = {isa = PBXFileReference; includeInIndex = 1; lastKnownFileType = text.xcconfig; name = "Pods-Kasakasa.dev.xcconfig"; path = "Pods/Target Support Files/Pods-Kasakasa/Pods-Kasakasa.dev.xcconfig"; sourceTree = "<group>"; };
		ED5FA10BA8F1816EDA46952B /* Pods_Kasakasa.framework */ = {isa = PBXFileReference; explicitFileType = wrapper.framework; includeInIndex = 0; path = Pods_Kasakasa.framework; sourceTree = BUILT_PRODUCTS_DIR; };
/* End PBXFileReference section */

/* Begin PBXFrameworksBuildPhase section */
		45B7A42021DEC293005A1124 /* Frameworks */ = {
			isa = PBXFrameworksBuildPhase;
			buildActionMask = 2147483647;
			files = (
				01144A43431581EB3D87D095 /* Pods_Kasakasa.framework in Frameworks */,
			);
			runOnlyForDeploymentPostprocessing = 0;
		};
		45B7A43821DEC295005A1124 /* Frameworks */ = {
			isa = PBXFrameworksBuildPhase;
			buildActionMask = 2147483647;
			files = (
				E9E9120409A0EA851B856B96 /* Pods_KasakasaTests.framework in Frameworks */,
			);
			runOnlyForDeploymentPostprocessing = 0;
		};
		45B7A44321DEC295005A1124 /* Frameworks */ = {
			isa = PBXFrameworksBuildPhase;
			buildActionMask = 2147483647;
			files = (
				AA3D42796523BAD22597BF78 /* Pods_KasakasaUITests.framework in Frameworks */,
			);
			runOnlyForDeploymentPostprocessing = 0;
		};
/* End PBXFrameworksBuildPhase section */

/* Begin PBXGroup section */
		45129C5821DFC50700F585FA /* Onboarding */ = {
			isa = PBXGroup;
			children = (
				45A6D7B721F01DDE007A6F42 /* Restore Wallet */,
				45A6D7B421EFE2ED007A6F42 /* User Profile */,
				45A6D7B121EFE288007A6F42 /* Choose Password */,
				45A6D7AE21EFE22C007A6F42 /* Verify Recovery Phrase */,
				45A6D7A921EFE1E5007A6F42 /* Recovery Phrase */,
				45A6D7A821EFE1CC007A6F42 /* Existing Account */,
				452AD7F221EFB814007F11E2 /* Verify Phone Number */,
				45AD3A3321E3CEDB00198D6F /* Select Country */,
				45AD3A2421E33F9B00198D6F /* Enter Phone Number */,
				45129C5921DFC51B00F585FA /* Tutorial */,
			);
			path = Onboarding;
			sourceTree = "<group>";
		};
		45129C5921DFC51B00F585FA /* Tutorial */ = {
			isa = PBXGroup;
			children = (
				45129C5A21DFC59C00F585FA /* IntroPageViewController.swift */,
				45FD5B4F21E0333900C247F0 /* TutorialViewController.swift */,
			);
			path = Tutorial;
			sourceTree = "<group>";
		};
		4524159B21F1B244005B53A2 /* Repository */ = {
			isa = PBXGroup;
			children = (
				4524159C21F1B257005B53A2 /* AuthorizationRepository.swift */,
				4524159E21F1B893005B53A2 /* UserRepository.swift */,
				456D856B21F41057005150F3 /* WalletRepository.swift */,
			);
			path = Repository;
			sourceTree = "<group>";
		};
		452AD7EF21EFAB01007F11E2 /* Utilities */ = {
			isa = PBXGroup;
			children = (
				452AD7F021EFAB13007F11E2 /* TextUtils.swift */,
				4524159921F1AF03005B53A2 /* AppDefaults.swift */,
				457F54DC21FD12C600EA25AC /* WalletUtils.swift */,
				457F54DE21FD154300EA25AC /* FileUtils.swift */,
			);
			path = Utilities;
			sourceTree = "<group>";
		};
		452AD7F221EFB814007F11E2 /* Verify Phone Number */ = {
			isa = PBXGroup;
			children = (
				452AD7F321EFB839007F11E2 /* VerifyPhoneNumberViewController.swift */,
				45A6D7A421EFD782007A6F42 /* VerifyPhone.swift */,
				45A6D7A621EFD8A7007A6F42 /* VerifyPhoneNumberPresenterImpl.swift */,
			);
			path = "Verify Phone Number";
			sourceTree = "<group>";
		};
		456D855C21F2A50A005150F3 /* Blockchain */ = {
			isa = PBXGroup;
			children = (
				456D855D21F2A518005150F3 /* Web3Bridge.swift */,
			);
			path = Blockchain;
			sourceTree = "<group>";
		};
		45828C62220D355E00594842 /* Splash */ = {
			isa = PBXGroup;
			children = (
				45828C63220D358200594842 /* SplashScreenViewController.swift */,
				45828C65220D35A300594842 /* SplashScreen.swift */,
				45828C67220D364C00594842 /* SplashScreenPresenter.swift */,
			);
			path = Splash;
			sourceTree = "<group>";
		};
		45828C6B220D4C3E00594842 /* Playground */ = {
			isa = PBXGroup;
			children = (
				45828C6D220D4E1A00594842 /* Kasakasa.playground */,
			);
			path = Playground;
			sourceTree = "<group>";
		};
		45828C6E220D5F2100594842 /* Main App */ = {
			isa = PBXGroup;
			children = (
				45828C73220E84D700594842 /* User Search */,
				45828C72220E84CE00594842 /* Contacts */,
				45828C6F220D5F3B00594842 /* Wallet */,
			);
			path = "Main App";
			sourceTree = "<group>";
		};
		45828C6F220D5F3B00594842 /* Wallet */ = {
			isa = PBXGroup;
			children = (
				45828C70220D5F4E00594842 /* WalletViewController.swift */,
			);
			path = Wallet;
			sourceTree = "<group>";
		};
		45828C72220E84CE00594842 /* Contacts */ = {
			isa = PBXGroup;
			children = (
				45828C76220E852700594842 /* ContactsViewController.swift */,
				456012C622152689003B04E2 /* Contacts.swift */,
				456012C822152703003B04E2 /* ContactsPresenter.swift */,
			);
			path = Contacts;
			sourceTree = "<group>";
		};
		45828C73220E84D700594842 /* User Search */ = {
			isa = PBXGroup;
			children = (
				45828C74220E851000594842 /* UserSearchViewController.swift */,
				4579A9E9220EA19000CBCFAE /* UserSearchPresenter.swift */,
				4579A9EB220EA1B000CBCFAE /* UserSearch.swift */,
			);
			path = "User Search";
			sourceTree = "<group>";
		};
		459DEBB421DFB415009F0BE0 /* Application */ = {
			isa = PBXGroup;
			children = (
				45FD5B5121E0685100C247F0 /* Config files */,
				45B7A42621DEC293005A1124 /* AppDelegate.swift */,
				459DEBBD21DFBCAA009F0BE0 /* AppConstants.swift */,
				459DEBBF21DFBCBB009F0BE0 /* AppStyle.swift */,
				459DEBC121DFBCDE009F0BE0 /* AppConfig.swift */,
				455F396722042D5E00516286 /* AppDatabase.swift */,
			);
			path = Application;
			sourceTree = "<group>";
		};
		459DEBB521DFB4A5009F0BE0 /* Views */ = {
			isa = PBXGroup;
			children = (
				45AD3A4321E5862200198D6F /* InsetTextField.swift */,
				45AD3A4B21E71EA300198D6F /* ColoredButton.swift */,
				456012C42214DB5E003B04E2 /* UserSearchTableViewCell.swift */,
				456012CA22152FE9003B04E2 /* ContactTableViewCell.swift */,
			);
			path = Views;
			sourceTree = "<group>";
		};
		459DEBB621DFB4D2009F0BE0 /* Scenes */ = {
			isa = PBXGroup;
			children = (
				45828C6E220D5F2100594842 /* Main App */,
				45828C62220D355E00594842 /* Splash */,
				45AD3A2B21E340FE00198D6F /* Common */,
				45129C5821DFC50700F585FA /* Onboarding */,
			);
			path = Scenes;
			sourceTree = "<group>";
		};
		459DEBB721DFB507009F0BE0 /* Assets */ = {
			isa = PBXGroup;
			children = (
				45B7A43121DEC295005A1124 /* Assets.xcassets */,
				45AD3A3721E3E56600198D6F /* FlagKit.xcassets */,
				45BBF07921E2DBFD0042EC5D /* Flags.xcassets */,
				452AD7F521EFBBAB007F11E2 /* Icons.xcassets */,
			);
			path = Assets;
			sourceTree = "<group>";
		};
		459DEBB821DFB806009F0BE0 /* Storyboards */ = {
			isa = PBXGroup;
			children = (
				45B7A42E21DEC293005A1124 /* Main.storyboard */,
				459DEBB921DFB82B009F0BE0 /* Tutorial.storyboard */,
				459DEBBB21DFB84E009F0BE0 /* MainApp.storyboard */,
				45B7A43321DEC295005A1124 /* LaunchScreen.storyboard */,
				45BBF07721E2CDAE0042EC5D /* Onboarding.storyboard */,
				45828C69220D399000594842 /* SplashScreen.storyboard */,
			);
			path = Storyboards;
			sourceTree = "<group>";
		};
		45A6D7A821EFE1CC007A6F42 /* Existing Account */ = {
			isa = PBXGroup;
			children = (
				45A6D7AA21EFE20E007A6F42 /* ExistingAccountViewController.swift */,
				455F395F22022EEF00516286 /* ExistingAccountPresenter.swift */,
			);
			path = "Existing Account";
			sourceTree = "<group>";
		};
		45A6D7A921EFE1E5007A6F42 /* Recovery Phrase */ = {
			isa = PBXGroup;
			children = (
				45A6D7AC21EFE220007A6F42 /* RecoveryPhraseViewController.swift */,
				456D855F21F2A899005150F3 /* RecoveryPhrasePresenter.swift */,
				456D856121F2B511005150F3 /* RecoveryPhrase.swift */,
			);
			path = "Recovery Phrase";
			sourceTree = "<group>";
		};
		45A6D7AE21EFE22C007A6F42 /* Verify Recovery Phrase */ = {
			isa = PBXGroup;
			children = (
				45A6D7AF21EFE242007A6F42 /* VerifyRecoveryPhraseViewController.swift */,
				456D856321F2C6DB005150F3 /* VerifyRecoveryPhrasePresenter.swift */,
				456D856521F2C71C005150F3 /* VerifyRecoveryPhrase.swift */,
			);
			path = "Verify Recovery Phrase";
			sourceTree = "<group>";
		};
		45A6D7B121EFE288007A6F42 /* Choose Password */ = {
			isa = PBXGroup;
			children = (
				45A6D7B221EFE298007A6F42 /* ChoosePasswordViewController.swift */,
				456D856721F2E296005150F3 /* ChoosePasswordPresenter.swift */,
				456D856921F2E2D7005150F3 /* ChoosePassword.swift */,
			);
			path = "Choose Password";
			sourceTree = "<group>";
		};
		45A6D7B421EFE2ED007A6F42 /* User Profile */ = {
			isa = PBXGroup;
			children = (
				45A6D7B521EFE2FF007A6F42 /* OnboardingUserProfileViewController.swift */,
				457F54E021FD904000EA25AC /* OnboardingUserProfilePresenter.swift */,
				457F54E221FD905D00EA25AC /* OnboardingUserProfile.swift */,
			);
			path = "User Profile";
			sourceTree = "<group>";
		};
		45A6D7B721F01DDE007A6F42 /* Restore Wallet */ = {
			isa = PBXGroup;
			children = (
				45A6D7B821F01DF7007A6F42 /* RestoreWalletViewController.swift */,
				455F396322023C4000516286 /* RestoreWalletPresenter.swift */,
				455F396522023D2600516286 /* RestoreWallet.swift */,
			);
			path = "Restore Wallet";
			sourceTree = "<group>";
		};
		45AD3A2421E33F9B00198D6F /* Enter Phone Number */ = {
			isa = PBXGroup;
			children = (
				45AD3A2521E33FBC00198D6F /* EnterPhoneNumberViewController.swift */,
				45AD3A2721E3405E00198D6F /* EnterPhoneNumberPresenterImpl.swift */,
				45AD3A2921E3409900198D6F /* EnterPhoneNumber.swift */,
			);
			path = "Enter Phone Number";
			sourceTree = "<group>";
		};
		45AD3A2B21E340FE00198D6F /* Common */ = {
			isa = PBXGroup;
			children = (
				45AD3A2C21E3411300198D6F /* BasePresenter.swift */,
				45AD3A2E21E3412B00198D6F /* BaseView.swift */,
				45AD3A3F21E5635100198D6F /* BaseViewController.swift */,
				45AD3A4121E5673C00198D6F /* ModalViewController.swift */,
			);
			path = Common;
			sourceTree = "<group>";
		};
		45AD3A3021E3440A00198D6F /* Networking */ = {
			isa = PBXGroup;
			children = (
				45BBF07521E2C29D0042EC5D /* Country.swift */,
				45AD3A3121E3444900198D6F /* PhoneVerificationRequest.swift */,
				45AD3A4F21E7308800198D6F /* PhoneVerificationResponse.swift */,
				45AD3A5121E730EC00198D6F /* PhoneVerificationConfirmation.swift */,
				45AD3A5321E731B100198D6F /* Authorization.swift */,
				45AD3A5C21E73EEC00198D6F /* PendingSignup.swift */,
				457F54E421FE9C5800EA25AC /* UsernameResponse.swift */,
				457F54E621FECE4400EA25AC /* SecureMessage.swift */,
				4579A9ED220EB0E300CBCFAE /* ContactRequest.swift */,
				4579A9EF220EB11100CBCFAE /* ContactListRequest.swift */,
				4579A9F1220EB12600CBCFAE /* ContactListResponse.swift */,
				4579A9F3220EB13E00CBCFAE /* ContactListStringResponse.swift */,
				4579A9F5220EB5A200CBCFAE /* UserSearchResponse.swift */,
			);
			path = Networking;
			sourceTree = "<group>";
		};
		45AD3A3321E3CEDB00198D6F /* Select Country */ = {
			isa = PBXGroup;
			children = (
				45AD3A3921E42B8500198D6F /* SelectCountryViewController.swift */,
				45AD3A3B21E42C4C00198D6F /* CountryTableViewCell.swift */,
				45AD3A3C21E42C4C00198D6F /* CountryTableViewCell.xib */,
			);
			path = "Select Country";
			sourceTree = "<group>";
		};
		45AD3A3421E3DCAA00198D6F /* Extensions */ = {
			isa = PBXGroup;
			children = (
				45BBF06321E1D2D50042EC5D /* StringExtension.swift */,
				45AD3A3521E3DCD400198D6F /* UITextFieldExtension.swift */,
				45AD3A4521E71B6000198D6F /* UIViewExtension.swift */,
				45AD3A4721E71D2D00198D6F /* UIColorExtension.swift */,
				45AD3A5621E7375900198D6F /* DateFormatterExtension.swift */,
				455F39612202348200516286 /* UIImageExtension.swift */,
			);
			path = Extensions;
			sourceTree = "<group>";
		};
		45AD3A5521E731E100198D6F /* Database */ = {
			isa = PBXGroup;
			children = (
				45AD3A5821E73D7500198D6F /* User.swift */,
				45AD3A5A21E73E0200198D6F /* UserPhotos.swift */,
				456D856D21F411BA005150F3 /* Wallet.swift */,
				456D856F21F59AB7005150F3 /* Currency.swift */,
			);
			path = Database;
			sourceTree = "<group>";
		};
		45B7A41A21DEC293005A1124 = {
			isa = PBXGroup;
			children = (
				45B7A42521DEC293005A1124 /* Kasakasa */,
				45B7A43E21DEC295005A1124 /* KasakasaTests */,
				45B7A44921DEC295005A1124 /* KasakasaUITests */,
				45B7A42421DEC293005A1124 /* Products */,
				BCD637CE6D797AC8324EF6DC /* Pods */,
				8CDDF1A7BAF9DD15EC5E65BA /* Frameworks */,
			);
			sourceTree = "<group>";
		};
		45B7A42421DEC293005A1124 /* Products */ = {
			isa = PBXGroup;
			children = (
				45B7A42321DEC293005A1124 /* Kasakasa.app */,
				45B7A43B21DEC295005A1124 /* KasakasaTests.xctest */,
				45B7A44621DEC295005A1124 /* KasakasaUITests.xctest */,
			);
			name = Products;
			sourceTree = "<group>";
		};
		45B7A42521DEC293005A1124 /* Kasakasa */ = {
			isa = PBXGroup;
			children = (
				45828C6B220D4C3E00594842 /* Playground */,
				45BBF06521E1D32D0042EC5D /* Localization */,
				459DEBB421DFB415009F0BE0 /* Application */,
				459DEBB621DFB4D2009F0BE0 /* Scenes */,
				459DEBB521DFB4A5009F0BE0 /* Views */,
				45BBF05521E1C42D0042EC5D /* Model */,
				45FD5B5721E06B3300C247F0 /* Util */,
				459DEBB821DFB806009F0BE0 /* Storyboards */,
				459DEBB721DFB507009F0BE0 /* Assets */,
				45B7A42821DEC293005A1124 /* RootViewController.swift */,
				45B7A42A21DEC293005A1124 /* DataViewController.swift */,
				45B7A42C21DEC293005A1124 /* ModelController.swift */,
				45B7A43621DEC295005A1124 /* Info.plist */,
			);
			path = Kasakasa;
			sourceTree = "<group>";
		};
		45B7A43E21DEC295005A1124 /* KasakasaTests */ = {
			isa = PBXGroup;
			children = (
				45BBF07221E1E1A30042EC5D /* util */,
				45B7A43F21DEC295005A1124 /* KasakasaTests.swift */,
				45B7A44121DEC295005A1124 /* Info.plist */,
			);
			path = KasakasaTests;
			sourceTree = "<group>";
		};
		45B7A44921DEC295005A1124 /* KasakasaUITests */ = {
			isa = PBXGroup;
			children = (
				45B7A44A21DEC295005A1124 /* KasakasaUITests.swift */,
				45B7A44C21DEC295005A1124 /* Info.plist */,
			);
			path = KasakasaUITests;
			sourceTree = "<group>";
		};
		45BBF05521E1C42D0042EC5D /* Model */ = {
			isa = PBXGroup;
			children = (
				4524159B21F1B244005B53A2 /* Repository */,
				45AD3A5521E731E100198D6F /* Database */,
				45AD3A3021E3440A00198D6F /* Networking */,
				45BBF06021E1C8BA0042EC5D /* General */,
				45BBF05B21E1C83E0042EC5D /* Errors */,
			);
			path = Model;
			sourceTree = "<group>";
		};
		45BBF05621E1C43C0042EC5D /* Database */ = {
			isa = PBXGroup;
			children = (
			);
			path = Database;
			sourceTree = "<group>";
		};
		45BBF05B21E1C83E0042EC5D /* Errors */ = {
			isa = PBXGroup;
			children = (
				45BBF05E21E1C86C0042EC5D /* AppErrors.swift */,
			);
			path = Errors;
			sourceTree = "<group>";
		};
		45BBF06021E1C8BA0042EC5D /* General */ = {
			isa = PBXGroup;
			children = (
				45BBF06121E1C8C90042EC5D /* Json.swift */,
				45AD3A5E21E7440400198D6F /* DictionaryEncodable.swift */,
			);
			path = General;
			sourceTree = "<group>";
		};
		45BBF06521E1D32D0042EC5D /* Localization */ = {
			isa = PBXGroup;
			children = (
				45BBF06621E1D3450042EC5D /* Localizable.strings */,
			);
			path = Localization;
			sourceTree = "<group>";
		};
		45BBF07221E1E1A30042EC5D /* util */ = {
			isa = PBXGroup;
			children = (
				45BBF07321E1E1BD0042EC5D /* TipApiServiceTests.swift */,
			);
			path = util;
			sourceTree = "<group>";
		};
		45FD5B5121E0685100C247F0 /* Config files */ = {
			isa = PBXGroup;
			children = (
				45FD5B5321E0688E00C247F0 /* config.local.json */,
				45FD5B5521E069A600C247F0 /* config.dev.json */,
				45AD3A4D21E72CAD00198D6F /* config.prod.json */,
			);
			path = "Config files";
			sourceTree = "<group>";
		};
		45FD5B5721E06B3300C247F0 /* Util */ = {
			isa = PBXGroup;
			children = (
				456D855C21F2A50A005150F3 /* Blockchain */,
				452AD7EF21EFAB01007F11E2 /* Utilities */,
				45AD3A3421E3DCAA00198D6F /* Extensions */,
				45BBF05621E1C43C0042EC5D /* Database */,
				45FD5B5821E06B4600C247F0 /* Networking */,
			);
			path = Util;
			sourceTree = "<group>";
		};
		45FD5B5821E06B4600C247F0 /* Networking */ = {
			isa = PBXGroup;
			children = (
				45FD5B5921E06BEF00C247F0 /* TipNetworkRequest.swift */,
				45BBF05721E1C46B0042EC5D /* NetworkService.swift */,
				45BBF05921E1C48A0042EC5D /* TipApiService.swift */,
				45BBF07021E1E0C20042EC5D /* UrlRequestConvertible.swift */,
			);
			path = Networking;
			sourceTree = "<group>";
		};
		8CDDF1A7BAF9DD15EC5E65BA /* Frameworks */ = {
			isa = PBXGroup;
			children = (
				ED5FA10BA8F1816EDA46952B /* Pods_Kasakasa.framework */,
				64C1F411CBAB9DA207033196 /* Pods_KasakasaTests.framework */,
				4294AC8A23AC5001206D179D /* Pods_KasakasaUITests.framework */,
			);
			name = Frameworks;
			sourceTree = "<group>";
		};
		BCD637CE6D797AC8324EF6DC /* Pods */ = {
			isa = PBXGroup;
			children = (
				80BB20FB1BD2793A79682353 /* Pods-Kasakasa.debug.xcconfig */,
				66CE91E446407E27A30B1A18 /* Pods-Kasakasa.local.xcconfig */,
				E632409FE437217F5D86E092 /* Pods-Kasakasa.dev.xcconfig */,
				CDDE4411DA422C48C9E293AE /* Pods-Kasakasa.release.xcconfig */,
				5B822B6A0B8CF57EDF8796E3 /* Pods-KasakasaTests.debug.xcconfig */,
				9F11CB047134BD6DA539ABBC /* Pods-KasakasaTests.local.xcconfig */,
				3C93976B3D352ECDF6EE0E05 /* Pods-KasakasaTests.dev.xcconfig */,
				43FEF94EE03D10C56C32CBF2 /* Pods-KasakasaTests.release.xcconfig */,
				0CE4858EE3673508D37A0CA7 /* Pods-KasakasaUITests.debug.xcconfig */,
				A1B4F9D7FE168D9F05D47CD2 /* Pods-KasakasaUITests.local.xcconfig */,
				4BB4EA9BF6C53D08F857D53C /* Pods-KasakasaUITests.dev.xcconfig */,
				16F5D9A5D9BDF5820E80BB19 /* Pods-KasakasaUITests.release.xcconfig */,
			);
			name = Pods;
			sourceTree = "<group>";
		};
/* End PBXGroup section */

/* Begin PBXNativeTarget section */
		45B7A42221DEC293005A1124 /* Kasakasa */ = {
			isa = PBXNativeTarget;
			buildConfigurationList = 45B7A44F21DEC295005A1124 /* Build configuration list for PBXNativeTarget "Kasakasa" */;
			buildPhases = (
				FEA1074F8D4200A5670C4ECD /* [CP] Check Pods Manifest.lock */,
				45B7A41F21DEC293005A1124 /* Sources */,
				45B7A42021DEC293005A1124 /* Frameworks */,
				45B7A42121DEC293005A1124 /* Resources */,
				0922C7889A7788E1024186D3 /* [CP] Embed Pods Frameworks */,
			);
			buildRules = (
			);
			dependencies = (
			);
			name = Kasakasa;
			productName = Kasakasa;
			productReference = 45B7A42321DEC293005A1124 /* Kasakasa.app */;
			productType = "com.apple.product-type.application";
		};
		45B7A43A21DEC295005A1124 /* KasakasaTests */ = {
			isa = PBXNativeTarget;
			buildConfigurationList = 45B7A45221DEC295005A1124 /* Build configuration list for PBXNativeTarget "KasakasaTests" */;
			buildPhases = (
				C6C150BFD076DE229FD3E588 /* [CP] Check Pods Manifest.lock */,
				45B7A43721DEC295005A1124 /* Sources */,
				45B7A43821DEC295005A1124 /* Frameworks */,
				45B7A43921DEC295005A1124 /* Resources */,
			);
			buildRules = (
			);
			dependencies = (
				45B7A43D21DEC295005A1124 /* PBXTargetDependency */,
			);
			name = KasakasaTests;
			productName = KasakasaTests;
			productReference = 45B7A43B21DEC295005A1124 /* KasakasaTests.xctest */;
			productType = "com.apple.product-type.bundle.unit-test";
		};
		45B7A44521DEC295005A1124 /* KasakasaUITests */ = {
			isa = PBXNativeTarget;
			buildConfigurationList = 45B7A45521DEC295005A1124 /* Build configuration list for PBXNativeTarget "KasakasaUITests" */;
			buildPhases = (
				5107D660C8D77AEE4B43E0D5 /* [CP] Check Pods Manifest.lock */,
				45B7A44221DEC295005A1124 /* Sources */,
				45B7A44321DEC295005A1124 /* Frameworks */,
				45B7A44421DEC295005A1124 /* Resources */,
			);
			buildRules = (
			);
			dependencies = (
				45B7A44821DEC295005A1124 /* PBXTargetDependency */,
			);
			name = KasakasaUITests;
			productName = KasakasaUITests;
			productReference = 45B7A44621DEC295005A1124 /* KasakasaUITests.xctest */;
			productType = "com.apple.product-type.bundle.ui-testing";
		};
/* End PBXNativeTarget section */

/* Begin PBXProject section */
		45B7A41B21DEC293005A1124 /* Project object */ = {
			isa = PBXProject;
			attributes = {
				LastSwiftUpdateCheck = 1010;
				LastUpgradeCheck = 1010;
				ORGANIZATIONNAME = "Tip Blockchain";
				TargetAttributes = {
					45B7A42221DEC293005A1124 = {
						CreatedOnToolsVersion = 10.1;
					};
					45B7A43A21DEC295005A1124 = {
						CreatedOnToolsVersion = 10.1;
						TestTargetID = 45B7A42221DEC293005A1124;
					};
					45B7A44521DEC295005A1124 = {
						CreatedOnToolsVersion = 10.1;
						TestTargetID = 45B7A42221DEC293005A1124;
					};
				};
			};
			buildConfigurationList = 45B7A41E21DEC293005A1124 /* Build configuration list for PBXProject "Kasakasa" */;
			compatibilityVersion = "Xcode 10.0";
			developmentRegion = en;
			hasScannedForEncodings = 0;
			knownRegions = (
				en,
				Base,
			);
			mainGroup = 45B7A41A21DEC293005A1124;
			productRefGroup = 45B7A42421DEC293005A1124 /* Products */;
			projectDirPath = "";
			projectRoot = "";
			targets = (
				45B7A42221DEC293005A1124 /* Kasakasa */,
				45B7A43A21DEC295005A1124 /* KasakasaTests */,
				45B7A44521DEC295005A1124 /* KasakasaUITests */,
			);
		};
/* End PBXProject section */

/* Begin PBXResourcesBuildPhase section */
		45B7A42121DEC293005A1124 /* Resources */ = {
			isa = PBXResourcesBuildPhase;
			buildActionMask = 2147483647;
			files = (
				45AD3A4E21E72CAD00198D6F /* config.prod.json in Resources */,
				45AD3A3E21E42C4C00198D6F /* CountryTableViewCell.xib in Resources */,
				452AD7F621EFBBAB007F11E2 /* Icons.xcassets in Resources */,
				459DEBBC21DFB84E009F0BE0 /* MainApp.storyboard in Resources */,
				45B7A43521DEC295005A1124 /* LaunchScreen.storyboard in Resources */,
				45FD5B5421E0688E00C247F0 /* config.local.json in Resources */,
				45B7A43221DEC295005A1124 /* Assets.xcassets in Resources */,
				45B7A43021DEC293005A1124 /* Main.storyboard in Resources */,
				45BBF07A21E2DBFD0042EC5D /* Flags.xcassets in Resources */,
				45BBF06721E1D3450042EC5D /* Localizable.strings in Resources */,
				45BBF07821E2CDAE0042EC5D /* Onboarding.storyboard in Resources */,
				459DEBBA21DFB82B009F0BE0 /* Tutorial.storyboard in Resources */,
				45AD3A3821E3E56600198D6F /* FlagKit.xcassets in Resources */,
				45828C6A220D399000594842 /* SplashScreen.storyboard in Resources */,
				45FD5B5621E069A600C247F0 /* config.dev.json in Resources */,
			);
			runOnlyForDeploymentPostprocessing = 0;
		};
		45B7A43921DEC295005A1124 /* Resources */ = {
			isa = PBXResourcesBuildPhase;
			buildActionMask = 2147483647;
			files = (
			);
			runOnlyForDeploymentPostprocessing = 0;
		};
		45B7A44421DEC295005A1124 /* Resources */ = {
			isa = PBXResourcesBuildPhase;
			buildActionMask = 2147483647;
			files = (
			);
			runOnlyForDeploymentPostprocessing = 0;
		};
/* End PBXResourcesBuildPhase section */

/* Begin PBXShellScriptBuildPhase section */
		0922C7889A7788E1024186D3 /* [CP] Embed Pods Frameworks */ = {
			isa = PBXShellScriptBuildPhase;
			buildActionMask = 2147483647;
			files = (
			);
			inputFileListPaths = (
			);
			inputPaths = (
				"${SRCROOT}/Pods/Target Support Files/Pods-Kasakasa/Pods-Kasakasa-frameworks.sh",
				"${BUILT_PRODUCTS_DIR}/BigInt/BigInt.framework",
				"${BUILT_PRODUCTS_DIR}/CropViewController/CropViewController.framework",
				"${BUILT_PRODUCTS_DIR}/GRDB.swift/GRDB.framework",
				"${BUILT_PRODUCTS_DIR}/Nuke/Nuke.framework",
				"${BUILT_PRODUCTS_DIR}/PromiseKit/PromiseKit.framework",
				"${BUILT_PRODUCTS_DIR}/QRCode/QRCode.framework",
				"${BUILT_PRODUCTS_DIR}/QRCodeReader.swift/QRCodeReader.framework",
				"${BUILT_PRODUCTS_DIR}/SipHash/SipHash.framework",
				"${BUILT_PRODUCTS_DIR}/Toast-Swift/Toast_Swift.framework",
				"${BUILT_PRODUCTS_DIR}/keccak.c/keccak.framework",
				"${BUILT_PRODUCTS_DIR}/scrypt.c/scrypt.framework",
				"${BUILT_PRODUCTS_DIR}/secp256k1.c/secp256k1.framework",
				"${BUILT_PRODUCTS_DIR}/web3swift/web3swift.framework",
			);
			name = "[CP] Embed Pods Frameworks";
			outputFileListPaths = (
			);
			outputPaths = (
				"${TARGET_BUILD_DIR}/${FRAMEWORKS_FOLDER_PATH}/BigInt.framework",
				"${TARGET_BUILD_DIR}/${FRAMEWORKS_FOLDER_PATH}/CropViewController.framework",
				"${TARGET_BUILD_DIR}/${FRAMEWORKS_FOLDER_PATH}/GRDB.framework",
				"${TARGET_BUILD_DIR}/${FRAMEWORKS_FOLDER_PATH}/Nuke.framework",
				"${TARGET_BUILD_DIR}/${FRAMEWORKS_FOLDER_PATH}/PromiseKit.framework",
				"${TARGET_BUILD_DIR}/${FRAMEWORKS_FOLDER_PATH}/QRCode.framework",
				"${TARGET_BUILD_DIR}/${FRAMEWORKS_FOLDER_PATH}/QRCodeReader.framework",
				"${TARGET_BUILD_DIR}/${FRAMEWORKS_FOLDER_PATH}/SipHash.framework",
				"${TARGET_BUILD_DIR}/${FRAMEWORKS_FOLDER_PATH}/Toast_Swift.framework",
				"${TARGET_BUILD_DIR}/${FRAMEWORKS_FOLDER_PATH}/keccak.framework",
				"${TARGET_BUILD_DIR}/${FRAMEWORKS_FOLDER_PATH}/scrypt.framework",
				"${TARGET_BUILD_DIR}/${FRAMEWORKS_FOLDER_PATH}/secp256k1.framework",
				"${TARGET_BUILD_DIR}/${FRAMEWORKS_FOLDER_PATH}/web3swift.framework",
			);
			runOnlyForDeploymentPostprocessing = 0;
			shellPath = /bin/sh;
			shellScript = "\"${SRCROOT}/Pods/Target Support Files/Pods-Kasakasa/Pods-Kasakasa-frameworks.sh\"\n";
			showEnvVarsInLog = 0;
		};
		5107D660C8D77AEE4B43E0D5 /* [CP] Check Pods Manifest.lock */ = {
			isa = PBXShellScriptBuildPhase;
			buildActionMask = 2147483647;
			files = (
			);
			inputFileListPaths = (
			);
			inputPaths = (
				"${PODS_PODFILE_DIR_PATH}/Podfile.lock",
				"${PODS_ROOT}/Manifest.lock",
			);
			name = "[CP] Check Pods Manifest.lock";
			outputFileListPaths = (
			);
			outputPaths = (
				"$(DERIVED_FILE_DIR)/Pods-KasakasaUITests-checkManifestLockResult.txt",
			);
			runOnlyForDeploymentPostprocessing = 0;
			shellPath = /bin/sh;
			shellScript = "diff \"${PODS_PODFILE_DIR_PATH}/Podfile.lock\" \"${PODS_ROOT}/Manifest.lock\" > /dev/null\nif [ $? != 0 ] ; then\n    # print error to STDERR\n    echo \"error: The sandbox is not in sync with the Podfile.lock. Run 'pod install' or update your CocoaPods installation.\" >&2\n    exit 1\nfi\n# This output is used by Xcode 'outputs' to avoid re-running this script phase.\necho \"SUCCESS\" > \"${SCRIPT_OUTPUT_FILE_0}\"\n";
			showEnvVarsInLog = 0;
		};
		C6C150BFD076DE229FD3E588 /* [CP] Check Pods Manifest.lock */ = {
			isa = PBXShellScriptBuildPhase;
			buildActionMask = 2147483647;
			files = (
			);
			inputFileListPaths = (
			);
			inputPaths = (
				"${PODS_PODFILE_DIR_PATH}/Podfile.lock",
				"${PODS_ROOT}/Manifest.lock",
			);
			name = "[CP] Check Pods Manifest.lock";
			outputFileListPaths = (
			);
			outputPaths = (
				"$(DERIVED_FILE_DIR)/Pods-KasakasaTests-checkManifestLockResult.txt",
			);
			runOnlyForDeploymentPostprocessing = 0;
			shellPath = /bin/sh;
			shellScript = "diff \"${PODS_PODFILE_DIR_PATH}/Podfile.lock\" \"${PODS_ROOT}/Manifest.lock\" > /dev/null\nif [ $? != 0 ] ; then\n    # print error to STDERR\n    echo \"error: The sandbox is not in sync with the Podfile.lock. Run 'pod install' or update your CocoaPods installation.\" >&2\n    exit 1\nfi\n# This output is used by Xcode 'outputs' to avoid re-running this script phase.\necho \"SUCCESS\" > \"${SCRIPT_OUTPUT_FILE_0}\"\n";
			showEnvVarsInLog = 0;
		};
		FEA1074F8D4200A5670C4ECD /* [CP] Check Pods Manifest.lock */ = {
			isa = PBXShellScriptBuildPhase;
			buildActionMask = 2147483647;
			files = (
			);
			inputFileListPaths = (
			);
			inputPaths = (
				"${PODS_PODFILE_DIR_PATH}/Podfile.lock",
				"${PODS_ROOT}/Manifest.lock",
			);
			name = "[CP] Check Pods Manifest.lock";
			outputFileListPaths = (
			);
			outputPaths = (
				"$(DERIVED_FILE_DIR)/Pods-Kasakasa-checkManifestLockResult.txt",
			);
			runOnlyForDeploymentPostprocessing = 0;
			shellPath = /bin/sh;
			shellScript = "diff \"${PODS_PODFILE_DIR_PATH}/Podfile.lock\" \"${PODS_ROOT}/Manifest.lock\" > /dev/null\nif [ $? != 0 ] ; then\n    # print error to STDERR\n    echo \"error: The sandbox is not in sync with the Podfile.lock. Run 'pod install' or update your CocoaPods installation.\" >&2\n    exit 1\nfi\n# This output is used by Xcode 'outputs' to avoid re-running this script phase.\necho \"SUCCESS\" > \"${SCRIPT_OUTPUT_FILE_0}\"\n";
			showEnvVarsInLog = 0;
		};
/* End PBXShellScriptBuildPhase section */

/* Begin PBXSourcesBuildPhase section */
		45B7A41F21DEC293005A1124 /* Sources */ = {
			isa = PBXSourcesBuildPhase;
			buildActionMask = 2147483647;
			files = (
				457F54E321FD905D00EA25AC /* OnboardingUserProfile.swift in Sources */,
				45828C68220D364C00594842 /* SplashScreenPresenter.swift in Sources */,
				45A6D7A521EFD782007A6F42 /* VerifyPhone.swift in Sources */,
				4524159A21F1AF03005B53A2 /* AppDefaults.swift in Sources */,
				45AD3A4621E71B6000198D6F /* UIViewExtension.swift in Sources */,
				4524159F21F1B893005B53A2 /* UserRepository.swift in Sources */,
				45BBF05821E1C46B0042EC5D /* NetworkService.swift in Sources */,
				452AD7F121EFAB13007F11E2 /* TextUtils.swift in Sources */,
				45AD3A5721E7375900198D6F /* DateFormatterExtension.swift in Sources */,
				457F54E521FE9C5800EA25AC /* UsernameResponse.swift in Sources */,
				45AD3A2D21E3411300198D6F /* BasePresenter.swift in Sources */,
				45129C5B21DFC59C00F585FA /* IntroPageViewController.swift in Sources */,
				457F54DF21FD154300EA25AC /* FileUtils.swift in Sources */,
				45FD5B5021E0333900C247F0 /* TutorialViewController.swift in Sources */,
				45AD3A2621E33FBC00198D6F /* EnterPhoneNumberViewController.swift in Sources */,
				45AD3A4021E5635100198D6F /* BaseViewController.swift in Sources */,
				45AD3A4421E5862200198D6F /* InsetTextField.swift in Sources */,
				45828C71220D5F4E00594842 /* WalletViewController.swift in Sources */,
				45AD3A5B21E73E0200198D6F /* UserPhotos.swift in Sources */,
				45B7A42921DEC293005A1124 /* RootViewController.swift in Sources */,
				4579A9EC220EA1B000CBCFAE /* UserSearch.swift in Sources */,
				45AD3A3221E3444900198D6F /* PhoneVerificationRequest.swift in Sources */,
				45B7A42D21DEC293005A1124 /* ModelController.swift in Sources */,
				455F396622023D2600516286 /* RestoreWallet.swift in Sources */,
				456012C722152689003B04E2 /* Contacts.swift in Sources */,
				45A6D7B021EFE242007A6F42 /* VerifyRecoveryPhraseViewController.swift in Sources */,
				45A6D7B321EFE298007A6F42 /* ChoosePasswordViewController.swift in Sources */,
				4579A9EE220EB0E300CBCFAE /* ContactRequest.swift in Sources */,
				45AD3A3D21E42C4C00198D6F /* CountryTableViewCell.swift in Sources */,
				455F396022022EEF00516286 /* ExistingAccountPresenter.swift in Sources */,
				45A6D7B921F01DF7007A6F42 /* RestoreWalletViewController.swift in Sources */,
				45FD5B5A21E06BEF00C247F0 /* TipNetworkRequest.swift in Sources */,
				4524159D21F1B257005B53A2 /* AuthorizationRepository.swift in Sources */,
				45A6D7AB21EFE20E007A6F42 /* ExistingAccountViewController.swift in Sources */,
				455F396422023C4000516286 /* RestoreWalletPresenter.swift in Sources */,
				45828C75220E851000594842 /* UserSearchViewController.swift in Sources */,
				45AD3A2821E3405E00198D6F /* EnterPhoneNumberPresenterImpl.swift in Sources */,
				45AD3A2F21E3412B00198D6F /* BaseView.swift in Sources */,
				45AD3A3621E3DCD400198D6F /* UITextFieldExtension.swift in Sources */,
				456012CB22152FE9003B04E2 /* ContactTableViewCell.swift in Sources */,
				45B7A42B21DEC293005A1124 /* DataViewController.swift in Sources */,
				45AD3A4821E71D2D00198D6F /* UIColorExtension.swift in Sources */,
				45AD3A4C21E71EA300198D6F /* ColoredButton.swift in Sources */,
				45AD3A5421E731B100198D6F /* Authorization.swift in Sources */,
				456D855E21F2A518005150F3 /* Web3Bridge.swift in Sources */,
				456D856221F2B511005150F3 /* RecoveryPhrase.swift in Sources */,
				45BBF06221E1C8C90042EC5D /* Json.swift in Sources */,
				455F396822042D5E00516286 /* AppDatabase.swift in Sources */,
				45A6D7A721EFD8A7007A6F42 /* VerifyPhoneNumberPresenterImpl.swift in Sources */,
				455F39622202348200516286 /* UIImageExtension.swift in Sources */,
				4579A9F6220EB5A200CBCFAE /* UserSearchResponse.swift in Sources */,
				45AD3A5021E7308800198D6F /* PhoneVerificationResponse.swift in Sources */,
				45AD3A5921E73D7500198D6F /* User.swift in Sources */,
				45AD3A3A21E42B8500198D6F /* SelectCountryViewController.swift in Sources */,
				457F54DD21FD12C600EA25AC /* WalletUtils.swift in Sources */,
				4579A9F0220EB11100CBCFAE /* ContactListRequest.swift in Sources */,
				45AD3A2A21E3409900198D6F /* EnterPhoneNumber.swift in Sources */,
				45BBF05F21E1C86C0042EC5D /* AppErrors.swift in Sources */,
				4579A9EA220EA19000CBCFAE /* UserSearchPresenter.swift in Sources */,
				456D856621F2C71C005150F3 /* VerifyRecoveryPhrase.swift in Sources */,
				456D856421F2C6DB005150F3 /* VerifyRecoveryPhrasePresenter.swift in Sources */,
				457F54E121FD904000EA25AC /* OnboardingUserProfilePresenter.swift in Sources */,
				45BBF07621E2C29D0042EC5D /* Country.swift in Sources */,
				45828C64220D358200594842 /* SplashScreenViewController.swift in Sources */,
				45AD3A4221E5673C00198D6F /* ModalViewController.swift in Sources */,
				45A6D7B621EFE2FF007A6F42 /* OnboardingUserProfileViewController.swift in Sources */,
				45AD3A5221E730EC00198D6F /* PhoneVerificationConfirmation.swift in Sources */,
				456D856E21F411BA005150F3 /* Wallet.swift in Sources */,
				456D856C21F41057005150F3 /* WalletRepository.swift in Sources */,
				45AD3A5F21E7440400198D6F /* DictionaryEncodable.swift in Sources */,
				456D856021F2A899005150F3 /* RecoveryPhrasePresenter.swift in Sources */,
				459DEBC221DFBCDE009F0BE0 /* AppConfig.swift in Sources */,
				45BBF06421E1D2D50042EC5D /* StringExtension.swift in Sources */,
				452AD7F421EFB839007F11E2 /* VerifyPhoneNumberViewController.swift in Sources */,
				456D856A21F2E2D7005150F3 /* ChoosePassword.swift in Sources */,
				456D857021F59AB7005150F3 /* Currency.swift in Sources */,
				45828C77220E852700594842 /* ContactsViewController.swift in Sources */,
				456D856821F2E296005150F3 /* ChoosePasswordPresenter.swift in Sources */,
				459DEBC021DFBCBB009F0BE0 /* AppStyle.swift in Sources */,
				45B7A42721DEC293005A1124 /* AppDelegate.swift in Sources */,
				45BBF05A21E1C48A0042EC5D /* TipApiService.swift in Sources */,
				45AD3A5D21E73EEC00198D6F /* PendingSignup.swift in Sources */,
				456012C52214DB5E003B04E2 /* UserSearchTableViewCell.swift in Sources */,
				4579A9F2220EB12600CBCFAE /* ContactListResponse.swift in Sources */,
				459DEBBE21DFBCAA009F0BE0 /* AppConstants.swift in Sources */,
				45828C66220D35A300594842 /* SplashScreen.swift in Sources */,
				456012C922152703003B04E2 /* ContactsPresenter.swift in Sources */,
				4579A9F4220EB13E00CBCFAE /* ContactListStringResponse.swift in Sources */,
				45A6D7AD21EFE220007A6F42 /* RecoveryPhraseViewController.swift in Sources */,
				45BBF07121E1E0C20042EC5D /* UrlRequestConvertible.swift in Sources */,
				457F54E721FECE4400EA25AC /* SecureMessage.swift in Sources */,
			);
			runOnlyForDeploymentPostprocessing = 0;
		};
		45B7A43721DEC295005A1124 /* Sources */ = {
			isa = PBXSourcesBuildPhase;
			buildActionMask = 2147483647;
			files = (
				45BBF07421E1E1BD0042EC5D /* TipApiServiceTests.swift in Sources */,
				45B7A44021DEC295005A1124 /* KasakasaTests.swift in Sources */,
			);
			runOnlyForDeploymentPostprocessing = 0;
		};
		45B7A44221DEC295005A1124 /* Sources */ = {
			isa = PBXSourcesBuildPhase;
			buildActionMask = 2147483647;
			files = (
				45B7A44B21DEC295005A1124 /* KasakasaUITests.swift in Sources */,
			);
			runOnlyForDeploymentPostprocessing = 0;
		};
/* End PBXSourcesBuildPhase section */

/* Begin PBXTargetDependency section */
		45B7A43D21DEC295005A1124 /* PBXTargetDependency */ = {
			isa = PBXTargetDependency;
			target = 45B7A42221DEC293005A1124 /* Kasakasa */;
			targetProxy = 45B7A43C21DEC295005A1124 /* PBXContainerItemProxy */;
		};
		45B7A44821DEC295005A1124 /* PBXTargetDependency */ = {
			isa = PBXTargetDependency;
			target = 45B7A42221DEC293005A1124 /* Kasakasa */;
			targetProxy = 45B7A44721DEC295005A1124 /* PBXContainerItemProxy */;
		};
/* End PBXTargetDependency section */

/* Begin PBXVariantGroup section */
		45B7A42E21DEC293005A1124 /* Main.storyboard */ = {
			isa = PBXVariantGroup;
			children = (
				45B7A42F21DEC293005A1124 /* Base */,
			);
			name = Main.storyboard;
			sourceTree = "<group>";
		};
		45B7A43321DEC295005A1124 /* LaunchScreen.storyboard */ = {
			isa = PBXVariantGroup;
			children = (
				45B7A43421DEC295005A1124 /* Base */,
			);
			name = LaunchScreen.storyboard;
			sourceTree = "<group>";
		};
/* End PBXVariantGroup section */

/* Begin XCBuildConfiguration section */
		45B7A44D21DEC295005A1124 /* Debug */ = {
			isa = XCBuildConfiguration;
			buildSettings = {
				ALWAYS_SEARCH_USER_PATHS = NO;
				APP_ENVIRONMENT = DEV;
				CLANG_ANALYZER_NONNULL = YES;
				CLANG_ANALYZER_NUMBER_OBJECT_CONVERSION = YES_AGGRESSIVE;
				CLANG_CXX_LANGUAGE_STANDARD = "gnu++14";
				CLANG_CXX_LIBRARY = "libc++";
				CLANG_ENABLE_MODULES = YES;
				CLANG_ENABLE_OBJC_ARC = YES;
				CLANG_ENABLE_OBJC_WEAK = YES;
				CLANG_WARN_BLOCK_CAPTURE_AUTORELEASING = YES;
				CLANG_WARN_BOOL_CONVERSION = YES;
				CLANG_WARN_COMMA = YES;
				CLANG_WARN_CONSTANT_CONVERSION = YES;
				CLANG_WARN_DEPRECATED_OBJC_IMPLEMENTATIONS = YES;
				CLANG_WARN_DIRECT_OBJC_ISA_USAGE = YES_ERROR;
				CLANG_WARN_DOCUMENTATION_COMMENTS = YES;
				CLANG_WARN_EMPTY_BODY = YES;
				CLANG_WARN_ENUM_CONVERSION = YES;
				CLANG_WARN_INFINITE_RECURSION = YES;
				CLANG_WARN_INT_CONVERSION = YES;
				CLANG_WARN_NON_LITERAL_NULL_CONVERSION = YES;
				CLANG_WARN_OBJC_IMPLICIT_RETAIN_SELF = YES;
				CLANG_WARN_OBJC_LITERAL_CONVERSION = YES;
				CLANG_WARN_OBJC_ROOT_CLASS = YES_ERROR;
				CLANG_WARN_RANGE_LOOP_ANALYSIS = YES;
				CLANG_WARN_STRICT_PROTOTYPES = YES;
				CLANG_WARN_SUSPICIOUS_MOVE = YES;
				CLANG_WARN_UNGUARDED_AVAILABILITY = YES_AGGRESSIVE;
				CLANG_WARN_UNREACHABLE_CODE = YES;
				CLANG_WARN__DUPLICATE_METHOD_MATCH = YES;
				CODE_SIGN_IDENTITY = "iPhone Developer";
				COPY_PHASE_STRIP = NO;
				DEBUG_INFORMATION_FORMAT = dwarf;
				ENABLE_STRICT_OBJC_MSGSEND = YES;
				ENABLE_TESTABILITY = YES;
				GCC_C_LANGUAGE_STANDARD = gnu11;
				GCC_DYNAMIC_NO_PIC = NO;
				GCC_NO_COMMON_BLOCKS = YES;
				GCC_OPTIMIZATION_LEVEL = 0;
				GCC_PREPROCESSOR_DEFINITIONS = (
					"DEBUG=1",
					"$(inherited)",
				);
				GCC_WARN_64_TO_32_BIT_CONVERSION = YES;
				GCC_WARN_ABOUT_RETURN_TYPE = YES_ERROR;
				GCC_WARN_UNDECLARED_SELECTOR = YES;
				GCC_WARN_UNINITIALIZED_AUTOS = YES_AGGRESSIVE;
				GCC_WARN_UNUSED_FUNCTION = YES;
				GCC_WARN_UNUSED_VARIABLE = YES;
				IPHONEOS_DEPLOYMENT_TARGET = 12.1;
				MTL_ENABLE_DEBUG_INFO = INCLUDE_SOURCE;
				MTL_FAST_MATH = YES;
				ONLY_ACTIVE_ARCH = YES;
				SDKROOT = iphoneos;
				SWIFT_ACTIVE_COMPILATION_CONDITIONS = "DEBUG ENV_$(APP_ENVIRONMENT)";
				SWIFT_OPTIMIZATION_LEVEL = "-Onone";
			};
			name = Debug;
		};
		45B7A44E21DEC295005A1124 /* Release */ = {
			isa = XCBuildConfiguration;
			buildSettings = {
				ALWAYS_SEARCH_USER_PATHS = NO;
				APP_ENVIRONMENT = PROD;
				CLANG_ANALYZER_NONNULL = YES;
				CLANG_ANALYZER_NUMBER_OBJECT_CONVERSION = YES_AGGRESSIVE;
				CLANG_CXX_LANGUAGE_STANDARD = "gnu++14";
				CLANG_CXX_LIBRARY = "libc++";
				CLANG_ENABLE_MODULES = YES;
				CLANG_ENABLE_OBJC_ARC = YES;
				CLANG_ENABLE_OBJC_WEAK = YES;
				CLANG_WARN_BLOCK_CAPTURE_AUTORELEASING = YES;
				CLANG_WARN_BOOL_CONVERSION = YES;
				CLANG_WARN_COMMA = YES;
				CLANG_WARN_CONSTANT_CONVERSION = YES;
				CLANG_WARN_DEPRECATED_OBJC_IMPLEMENTATIONS = YES;
				CLANG_WARN_DIRECT_OBJC_ISA_USAGE = YES_ERROR;
				CLANG_WARN_DOCUMENTATION_COMMENTS = YES;
				CLANG_WARN_EMPTY_BODY = YES;
				CLANG_WARN_ENUM_CONVERSION = YES;
				CLANG_WARN_INFINITE_RECURSION = YES;
				CLANG_WARN_INT_CONVERSION = YES;
				CLANG_WARN_NON_LITERAL_NULL_CONVERSION = YES;
				CLANG_WARN_OBJC_IMPLICIT_RETAIN_SELF = YES;
				CLANG_WARN_OBJC_LITERAL_CONVERSION = YES;
				CLANG_WARN_OBJC_ROOT_CLASS = YES_ERROR;
				CLANG_WARN_RANGE_LOOP_ANALYSIS = YES;
				CLANG_WARN_STRICT_PROTOTYPES = YES;
				CLANG_WARN_SUSPICIOUS_MOVE = YES;
				CLANG_WARN_UNGUARDED_AVAILABILITY = YES_AGGRESSIVE;
				CLANG_WARN_UNREACHABLE_CODE = YES;
				CLANG_WARN__DUPLICATE_METHOD_MATCH = YES;
				CODE_SIGN_IDENTITY = "iPhone Developer";
				COPY_PHASE_STRIP = NO;
				DEBUG_INFORMATION_FORMAT = "dwarf-with-dsym";
				ENABLE_NS_ASSERTIONS = NO;
				ENABLE_STRICT_OBJC_MSGSEND = YES;
				GCC_C_LANGUAGE_STANDARD = gnu11;
				GCC_NO_COMMON_BLOCKS = YES;
				GCC_WARN_64_TO_32_BIT_CONVERSION = YES;
				GCC_WARN_ABOUT_RETURN_TYPE = YES_ERROR;
				GCC_WARN_UNDECLARED_SELECTOR = YES;
				GCC_WARN_UNINITIALIZED_AUTOS = YES_AGGRESSIVE;
				GCC_WARN_UNUSED_FUNCTION = YES;
				GCC_WARN_UNUSED_VARIABLE = YES;
				IPHONEOS_DEPLOYMENT_TARGET = 12.1;
				MTL_ENABLE_DEBUG_INFO = NO;
				MTL_FAST_MATH = YES;
				SDKROOT = iphoneos;
				SWIFT_ACTIVE_COMPILATION_CONDITIONS = "ENV_$(APP_ENVIRONMENT)";
				SWIFT_COMPILATION_MODE = wholemodule;
				SWIFT_OPTIMIZATION_LEVEL = "-O";
				VALIDATE_PRODUCT = YES;
			};
			name = Release;
		};
		45B7A45021DEC295005A1124 /* Debug */ = {
			isa = XCBuildConfiguration;
			baseConfigurationReference = 80BB20FB1BD2793A79682353 /* Pods-Kasakasa.debug.xcconfig */;
			buildSettings = {
				ASSETCATALOG_COMPILER_APPICON_NAME = AppIcon;
				CODE_SIGN_STYLE = Automatic;
				DEVELOPMENT_TEAM = 3P2XQDN98J;
				INFOPLIST_FILE = Kasakasa/Info.plist;
				IPHONEOS_DEPLOYMENT_TARGET = 10.0;
				LD_RUNPATH_SEARCH_PATHS = (
					"$(inherited)",
					"@executable_path/Frameworks",
				);
				PRODUCT_BUNDLE_IDENTIFIER = io.tipblockchain.Kasakasa;
				PRODUCT_NAME = "$(TARGET_NAME)";
				SWIFT_VERSION = 4.2;
				TARGETED_DEVICE_FAMILY = "1,2";
			};
			name = Debug;
		};
		45B7A45121DEC295005A1124 /* Release */ = {
			isa = XCBuildConfiguration;
			baseConfigurationReference = CDDE4411DA422C48C9E293AE /* Pods-Kasakasa.release.xcconfig */;
			buildSettings = {
				ASSETCATALOG_COMPILER_APPICON_NAME = AppIcon;
				CODE_SIGN_STYLE = Automatic;
				DEVELOPMENT_TEAM = 3P2XQDN98J;
				INFOPLIST_FILE = Kasakasa/Info.plist;
				IPHONEOS_DEPLOYMENT_TARGET = 10.0;
				LD_RUNPATH_SEARCH_PATHS = (
					"$(inherited)",
					"@executable_path/Frameworks",
				);
				PRODUCT_BUNDLE_IDENTIFIER = io.tipblockchain.Kasakasa;
				PRODUCT_NAME = "$(TARGET_NAME)";
				SWIFT_VERSION = 4.2;
				TARGETED_DEVICE_FAMILY = "1,2";
			};
			name = Release;
		};
		45B7A45321DEC295005A1124 /* Debug */ = {
			isa = XCBuildConfiguration;
			baseConfigurationReference = 5B822B6A0B8CF57EDF8796E3 /* Pods-KasakasaTests.debug.xcconfig */;
			buildSettings = {
				ALWAYS_EMBED_SWIFT_STANDARD_LIBRARIES = YES;
				BUNDLE_LOADER = "$(TEST_HOST)";
				CODE_SIGN_STYLE = Automatic;
				INFOPLIST_FILE = KasakasaTests/Info.plist;
				LD_RUNPATH_SEARCH_PATHS = (
					"$(inherited)",
					"@executable_path/Frameworks",
					"@loader_path/Frameworks",
				);
				PRODUCT_BUNDLE_IDENTIFIER = io.tipblockchain.KasakasaTests;
				PRODUCT_NAME = "$(TARGET_NAME)";
				SWIFT_VERSION = 4.2;
				TARGETED_DEVICE_FAMILY = "1,2";
				TEST_HOST = "$(BUILT_PRODUCTS_DIR)/Kasakasa.app/Kasakasa";
			};
			name = Debug;
		};
		45B7A45421DEC295005A1124 /* Release */ = {
			isa = XCBuildConfiguration;
			baseConfigurationReference = 43FEF94EE03D10C56C32CBF2 /* Pods-KasakasaTests.release.xcconfig */;
			buildSettings = {
				ALWAYS_EMBED_SWIFT_STANDARD_LIBRARIES = YES;
				BUNDLE_LOADER = "$(TEST_HOST)";
				CODE_SIGN_STYLE = Automatic;
				INFOPLIST_FILE = KasakasaTests/Info.plist;
				LD_RUNPATH_SEARCH_PATHS = (
					"$(inherited)",
					"@executable_path/Frameworks",
					"@loader_path/Frameworks",
				);
				PRODUCT_BUNDLE_IDENTIFIER = io.tipblockchain.KasakasaTests;
				PRODUCT_NAME = "$(TARGET_NAME)";
				SWIFT_VERSION = 4.2;
				TARGETED_DEVICE_FAMILY = "1,2";
				TEST_HOST = "$(BUILT_PRODUCTS_DIR)/Kasakasa.app/Kasakasa";
			};
			name = Release;
		};
		45B7A45621DEC295005A1124 /* Debug */ = {
			isa = XCBuildConfiguration;
			baseConfigurationReference = 0CE4858EE3673508D37A0CA7 /* Pods-KasakasaUITests.debug.xcconfig */;
			buildSettings = {
				ALWAYS_EMBED_SWIFT_STANDARD_LIBRARIES = YES;
				CODE_SIGN_STYLE = Automatic;
				INFOPLIST_FILE = KasakasaUITests/Info.plist;
				LD_RUNPATH_SEARCH_PATHS = (
					"$(inherited)",
					"@executable_path/Frameworks",
					"@loader_path/Frameworks",
				);
				PRODUCT_BUNDLE_IDENTIFIER = io.tipblockchain.KasakasaUITests;
				PRODUCT_NAME = "$(TARGET_NAME)";
				SWIFT_VERSION = 4.2;
				TARGETED_DEVICE_FAMILY = "1,2";
				TEST_TARGET_NAME = Kasakasa;
			};
			name = Debug;
		};
		45B7A45721DEC295005A1124 /* Release */ = {
			isa = XCBuildConfiguration;
			baseConfigurationReference = 16F5D9A5D9BDF5820E80BB19 /* Pods-KasakasaUITests.release.xcconfig */;
			buildSettings = {
				ALWAYS_EMBED_SWIFT_STANDARD_LIBRARIES = YES;
				CODE_SIGN_STYLE = Automatic;
				INFOPLIST_FILE = KasakasaUITests/Info.plist;
				LD_RUNPATH_SEARCH_PATHS = (
					"$(inherited)",
					"@executable_path/Frameworks",
					"@loader_path/Frameworks",
				);
				PRODUCT_BUNDLE_IDENTIFIER = io.tipblockchain.KasakasaUITests;
				PRODUCT_NAME = "$(TARGET_NAME)";
				SWIFT_VERSION = 4.2;
				TARGETED_DEVICE_FAMILY = "1,2";
				TEST_TARGET_NAME = Kasakasa;
			};
			name = Release;
		};
		45BBF06821E1DC400042EC5D /* Local */ = {
			isa = XCBuildConfiguration;
			buildSettings = {
				ALWAYS_SEARCH_USER_PATHS = NO;
				APP_ENVIRONMENT = LOCAL;
				CLANG_ANALYZER_NONNULL = YES;
				CLANG_ANALYZER_NUMBER_OBJECT_CONVERSION = YES_AGGRESSIVE;
				CLANG_CXX_LANGUAGE_STANDARD = "gnu++14";
				CLANG_CXX_LIBRARY = "libc++";
				CLANG_ENABLE_MODULES = YES;
				CLANG_ENABLE_OBJC_ARC = YES;
				CLANG_ENABLE_OBJC_WEAK = YES;
				CLANG_WARN_BLOCK_CAPTURE_AUTORELEASING = YES;
				CLANG_WARN_BOOL_CONVERSION = YES;
				CLANG_WARN_COMMA = YES;
				CLANG_WARN_CONSTANT_CONVERSION = YES;
				CLANG_WARN_DEPRECATED_OBJC_IMPLEMENTATIONS = YES;
				CLANG_WARN_DIRECT_OBJC_ISA_USAGE = YES_ERROR;
				CLANG_WARN_DOCUMENTATION_COMMENTS = YES;
				CLANG_WARN_EMPTY_BODY = YES;
				CLANG_WARN_ENUM_CONVERSION = YES;
				CLANG_WARN_INFINITE_RECURSION = YES;
				CLANG_WARN_INT_CONVERSION = YES;
				CLANG_WARN_NON_LITERAL_NULL_CONVERSION = YES;
				CLANG_WARN_OBJC_IMPLICIT_RETAIN_SELF = YES;
				CLANG_WARN_OBJC_LITERAL_CONVERSION = YES;
				CLANG_WARN_OBJC_ROOT_CLASS = YES_ERROR;
				CLANG_WARN_RANGE_LOOP_ANALYSIS = YES;
				CLANG_WARN_STRICT_PROTOTYPES = YES;
				CLANG_WARN_SUSPICIOUS_MOVE = YES;
				CLANG_WARN_UNGUARDED_AVAILABILITY = YES_AGGRESSIVE;
				CLANG_WARN_UNREACHABLE_CODE = YES;
				CLANG_WARN__DUPLICATE_METHOD_MATCH = YES;
				CODE_SIGN_IDENTITY = "iPhone Developer";
				COPY_PHASE_STRIP = NO;
				DEBUG_INFORMATION_FORMAT = dwarf;
				ENABLE_STRICT_OBJC_MSGSEND = YES;
				ENABLE_TESTABILITY = YES;
				GCC_C_LANGUAGE_STANDARD = gnu11;
				GCC_DYNAMIC_NO_PIC = NO;
				GCC_NO_COMMON_BLOCKS = YES;
				GCC_OPTIMIZATION_LEVEL = 0;
				GCC_PREPROCESSOR_DEFINITIONS = (
					"DEBUG=1",
					"$(inherited)",
				);
				GCC_WARN_64_TO_32_BIT_CONVERSION = YES;
				GCC_WARN_ABOUT_RETURN_TYPE = YES_ERROR;
				GCC_WARN_UNDECLARED_SELECTOR = YES;
				GCC_WARN_UNINITIALIZED_AUTOS = YES_AGGRESSIVE;
				GCC_WARN_UNUSED_FUNCTION = YES;
				GCC_WARN_UNUSED_VARIABLE = YES;
				IPHONEOS_DEPLOYMENT_TARGET = 12.1;
				MTL_ENABLE_DEBUG_INFO = INCLUDE_SOURCE;
				MTL_FAST_MATH = YES;
				ONLY_ACTIVE_ARCH = YES;
				SDKROOT = iphoneos;
				SWIFT_ACTIVE_COMPILATION_CONDITIONS = "DEBUG ENV_$(APP_ENVIRONMENT)";
				SWIFT_OPTIMIZATION_LEVEL = "-Onone";
			};
			name = Local;
		};
		45BBF06921E1DC400042EC5D /* Local */ = {
			isa = XCBuildConfiguration;
			baseConfigurationReference = 66CE91E446407E27A30B1A18 /* Pods-Kasakasa.local.xcconfig */;
			buildSettings = {
				ASSETCATALOG_COMPILER_APPICON_NAME = AppIcon;
				CODE_SIGN_STYLE = Automatic;
				DEVELOPMENT_TEAM = 3P2XQDN98J;
				INFOPLIST_FILE = Kasakasa/Info.plist;
				IPHONEOS_DEPLOYMENT_TARGET = 10.0;
				LD_RUNPATH_SEARCH_PATHS = (
					"$(inherited)",
					"@executable_path/Frameworks",
				);
				PRODUCT_BUNDLE_IDENTIFIER = io.tipblockchain.Kasakasa;
				PRODUCT_NAME = "$(TARGET_NAME)";
				SWIFT_VERSION = 4.2;
				TARGETED_DEVICE_FAMILY = "1,2";
			};
			name = Local;
		};
		45BBF06A21E1DC400042EC5D /* Local */ = {
			isa = XCBuildConfiguration;
			baseConfigurationReference = 9F11CB047134BD6DA539ABBC /* Pods-KasakasaTests.local.xcconfig */;
			buildSettings = {
				ALWAYS_EMBED_SWIFT_STANDARD_LIBRARIES = YES;
				BUNDLE_LOADER = "$(TEST_HOST)";
				CODE_SIGN_STYLE = Automatic;
				INFOPLIST_FILE = KasakasaTests/Info.plist;
				LD_RUNPATH_SEARCH_PATHS = (
					"$(inherited)",
					"@executable_path/Frameworks",
					"@loader_path/Frameworks",
				);
				PRODUCT_BUNDLE_IDENTIFIER = io.tipblockchain.KasakasaTests;
				PRODUCT_NAME = "$(TARGET_NAME)";
				SWIFT_VERSION = 4.2;
				TARGETED_DEVICE_FAMILY = "1,2";
				TEST_HOST = "$(BUILT_PRODUCTS_DIR)/Kasakasa.app/Kasakasa";
			};
			name = Local;
		};
		45BBF06B21E1DC400042EC5D /* Local */ = {
			isa = XCBuildConfiguration;
			baseConfigurationReference = A1B4F9D7FE168D9F05D47CD2 /* Pods-KasakasaUITests.local.xcconfig */;
			buildSettings = {
				ALWAYS_EMBED_SWIFT_STANDARD_LIBRARIES = YES;
				CODE_SIGN_STYLE = Automatic;
				INFOPLIST_FILE = KasakasaUITests/Info.plist;
				LD_RUNPATH_SEARCH_PATHS = (
					"$(inherited)",
					"@executable_path/Frameworks",
					"@loader_path/Frameworks",
				);
				PRODUCT_BUNDLE_IDENTIFIER = io.tipblockchain.KasakasaUITests;
				PRODUCT_NAME = "$(TARGET_NAME)";
				SWIFT_VERSION = 4.2;
				TARGETED_DEVICE_FAMILY = "1,2";
				TEST_TARGET_NAME = Kasakasa;
			};
			name = Local;
		};
		45BBF06C21E1DC480042EC5D /* Dev */ = {
			isa = XCBuildConfiguration;
			buildSettings = {
				ALWAYS_SEARCH_USER_PATHS = NO;
				APP_ENVIRONMENT = DEV;
				CLANG_ANALYZER_NONNULL = YES;
				CLANG_ANALYZER_NUMBER_OBJECT_CONVERSION = YES_AGGRESSIVE;
				CLANG_CXX_LANGUAGE_STANDARD = "gnu++14";
				CLANG_CXX_LIBRARY = "libc++";
				CLANG_ENABLE_MODULES = YES;
				CLANG_ENABLE_OBJC_ARC = YES;
				CLANG_ENABLE_OBJC_WEAK = YES;
				CLANG_WARN_BLOCK_CAPTURE_AUTORELEASING = YES;
				CLANG_WARN_BOOL_CONVERSION = YES;
				CLANG_WARN_COMMA = YES;
				CLANG_WARN_CONSTANT_CONVERSION = YES;
				CLANG_WARN_DEPRECATED_OBJC_IMPLEMENTATIONS = YES;
				CLANG_WARN_DIRECT_OBJC_ISA_USAGE = YES_ERROR;
				CLANG_WARN_DOCUMENTATION_COMMENTS = YES;
				CLANG_WARN_EMPTY_BODY = YES;
				CLANG_WARN_ENUM_CONVERSION = YES;
				CLANG_WARN_INFINITE_RECURSION = YES;
				CLANG_WARN_INT_CONVERSION = YES;
				CLANG_WARN_NON_LITERAL_NULL_CONVERSION = YES;
				CLANG_WARN_OBJC_IMPLICIT_RETAIN_SELF = YES;
				CLANG_WARN_OBJC_LITERAL_CONVERSION = YES;
				CLANG_WARN_OBJC_ROOT_CLASS = YES_ERROR;
				CLANG_WARN_RANGE_LOOP_ANALYSIS = YES;
				CLANG_WARN_STRICT_PROTOTYPES = YES;
				CLANG_WARN_SUSPICIOUS_MOVE = YES;
				CLANG_WARN_UNGUARDED_AVAILABILITY = YES_AGGRESSIVE;
				CLANG_WARN_UNREACHABLE_CODE = YES;
				CLANG_WARN__DUPLICATE_METHOD_MATCH = YES;
				CODE_SIGN_IDENTITY = "iPhone Developer";
				COPY_PHASE_STRIP = NO;
				DEBUG_INFORMATION_FORMAT = dwarf;
				ENABLE_STRICT_OBJC_MSGSEND = YES;
				ENABLE_TESTABILITY = YES;
				GCC_C_LANGUAGE_STANDARD = gnu11;
				GCC_DYNAMIC_NO_PIC = NO;
				GCC_NO_COMMON_BLOCKS = YES;
				GCC_OPTIMIZATION_LEVEL = 0;
				GCC_PREPROCESSOR_DEFINITIONS = (
					"DEBUG=1",
					"$(inherited)",
				);
				GCC_WARN_64_TO_32_BIT_CONVERSION = YES;
				GCC_WARN_ABOUT_RETURN_TYPE = YES_ERROR;
				GCC_WARN_UNDECLARED_SELECTOR = YES;
				GCC_WARN_UNINITIALIZED_AUTOS = YES_AGGRESSIVE;
				GCC_WARN_UNUSED_FUNCTION = YES;
				GCC_WARN_UNUSED_VARIABLE = YES;
				IPHONEOS_DEPLOYMENT_TARGET = 12.1;
				MTL_ENABLE_DEBUG_INFO = INCLUDE_SOURCE;
				MTL_FAST_MATH = YES;
				ONLY_ACTIVE_ARCH = YES;
				SDKROOT = iphoneos;
				SWIFT_ACTIVE_COMPILATION_CONDITIONS = "DEBUG ENV_$(APP_ENVIRONMENT)";
				SWIFT_OPTIMIZATION_LEVEL = "-Onone";
			};
			name = Dev;
		};
		45BBF06D21E1DC480042EC5D /* Dev */ = {
			isa = XCBuildConfiguration;
			baseConfigurationReference = E632409FE437217F5D86E092 /* Pods-Kasakasa.dev.xcconfig */;
			buildSettings = {
				ASSETCATALOG_COMPILER_APPICON_NAME = AppIcon;
				CODE_SIGN_STYLE = Automatic;
				DEVELOPMENT_TEAM = 3P2XQDN98J;
				INFOPLIST_FILE = Kasakasa/Info.plist;
				IPHONEOS_DEPLOYMENT_TARGET = 10.0;
				LD_RUNPATH_SEARCH_PATHS = (
					"$(inherited)",
					"@executable_path/Frameworks",
				);
				PRODUCT_BUNDLE_IDENTIFIER = io.tipblockchain.Kasakasa;
				PRODUCT_NAME = "$(TARGET_NAME)";
				SWIFT_VERSION = 4.2;
				TARGETED_DEVICE_FAMILY = "1,2";
			};
			name = Dev;
		};
		45BBF06E21E1DC480042EC5D /* Dev */ = {
			isa = XCBuildConfiguration;
			baseConfigurationReference = 3C93976B3D352ECDF6EE0E05 /* Pods-KasakasaTests.dev.xcconfig */;
			buildSettings = {
				ALWAYS_EMBED_SWIFT_STANDARD_LIBRARIES = YES;
				BUNDLE_LOADER = "$(TEST_HOST)";
				CODE_SIGN_STYLE = Automatic;
				INFOPLIST_FILE = KasakasaTests/Info.plist;
				LD_RUNPATH_SEARCH_PATHS = (
					"$(inherited)",
					"@executable_path/Frameworks",
					"@loader_path/Frameworks",
				);
				PRODUCT_BUNDLE_IDENTIFIER = io.tipblockchain.KasakasaTests;
				PRODUCT_NAME = "$(TARGET_NAME)";
				SWIFT_VERSION = 4.2;
				TARGETED_DEVICE_FAMILY = "1,2";
				TEST_HOST = "$(BUILT_PRODUCTS_DIR)/Kasakasa.app/Kasakasa";
			};
			name = Dev;
		};
		45BBF06F21E1DC480042EC5D /* Dev */ = {
			isa = XCBuildConfiguration;
			baseConfigurationReference = 4BB4EA9BF6C53D08F857D53C /* Pods-KasakasaUITests.dev.xcconfig */;
			buildSettings = {
				ALWAYS_EMBED_SWIFT_STANDARD_LIBRARIES = YES;
				CODE_SIGN_STYLE = Automatic;
				INFOPLIST_FILE = KasakasaUITests/Info.plist;
				LD_RUNPATH_SEARCH_PATHS = (
					"$(inherited)",
					"@executable_path/Frameworks",
					"@loader_path/Frameworks",
				);
				PRODUCT_BUNDLE_IDENTIFIER = io.tipblockchain.KasakasaUITests;
				PRODUCT_NAME = "$(TARGET_NAME)";
				SWIFT_VERSION = 4.2;
				TARGETED_DEVICE_FAMILY = "1,2";
				TEST_TARGET_NAME = Kasakasa;
			};
			name = Dev;
		};
/* End XCBuildConfiguration section */

/* Begin XCConfigurationList section */
		45B7A41E21DEC293005A1124 /* Build configuration list for PBXProject "Kasakasa" */ = {
			isa = XCConfigurationList;
			buildConfigurations = (
				45B7A44D21DEC295005A1124 /* Debug */,
				45BBF06821E1DC400042EC5D /* Local */,
				45BBF06C21E1DC480042EC5D /* Dev */,
				45B7A44E21DEC295005A1124 /* Release */,
			);
			defaultConfigurationIsVisible = 0;
			defaultConfigurationName = Release;
		};
		45B7A44F21DEC295005A1124 /* Build configuration list for PBXNativeTarget "Kasakasa" */ = {
			isa = XCConfigurationList;
			buildConfigurations = (
				45B7A45021DEC295005A1124 /* Debug */,
				45BBF06921E1DC400042EC5D /* Local */,
				45BBF06D21E1DC480042EC5D /* Dev */,
				45B7A45121DEC295005A1124 /* Release */,
			);
			defaultConfigurationIsVisible = 0;
			defaultConfigurationName = Release;
		};
		45B7A45221DEC295005A1124 /* Build configuration list for PBXNativeTarget "KasakasaTests" */ = {
			isa = XCConfigurationList;
			buildConfigurations = (
				45B7A45321DEC295005A1124 /* Debug */,
				45BBF06A21E1DC400042EC5D /* Local */,
				45BBF06E21E1DC480042EC5D /* Dev */,
				45B7A45421DEC295005A1124 /* Release */,
			);
			defaultConfigurationIsVisible = 0;
			defaultConfigurationName = Release;
		};
		45B7A45521DEC295005A1124 /* Build configuration list for PBXNativeTarget "KasakasaUITests" */ = {
			isa = XCConfigurationList;
			buildConfigurations = (
				45B7A45621DEC295005A1124 /* Debug */,
				45BBF06B21E1DC400042EC5D /* Local */,
				45BBF06F21E1DC480042EC5D /* Dev */,
				45B7A45721DEC295005A1124 /* Release */,
			);
			defaultConfigurationIsVisible = 0;
			defaultConfigurationName = Release;
		};
/* End XCConfigurationList section */
	};
	rootObject = 45B7A41B21DEC293005A1124 /* Project object */;
}
